version = 1
revision = 3
requires-python = "==3.13.*"

[[package]]
name = "boto3"
version = "1.40.52"
source = { registry = "https://pypi.org/simple" }
dependencies = [
    { name = "botocore" },
    { name = "jmespath" },
    { name = "s3transfer" },
]
sdist = { url = "https://files.pythonhosted.org/packages/a0/5a/8ba08c979926326d961e2384d994d789a2eda3ed281bb6cb333b36e92310/boto3-1.40.52.tar.gz", hash = "sha256:96ee720b52be647d8ef5ba92fccfce6b65d6321769430fe6edd10d57ec43c25b", size = 111530, upload-time = "2025-10-14T20:32:12.226Z" }
wheels = [
    { url = "https://files.pythonhosted.org/packages/0f/d2/879e9787c5263aefc5c88f0dd97cdea29ac01c480dd53c2421de77a493f7/boto3-1.40.52-py3-none-any.whl", hash = "sha256:ecc8c99d3cc96716cdfba62d9c9c6ce0eb98d02494a66690bcc2ec181c1ced67", size = 139345, upload-time = "2025-10-14T20:32:10.801Z" },
]

[[package]]
name = "boto3-stubs"
version = "1.40.52"
source = { registry = "https://pypi.org/simple" }
dependencies = [
    { name = "botocore-stubs" },
    { name = "types-s3transfer" },
]
sdist = { url = "https://files.pythonhosted.org/packages/00/7b/92a266747a504c09c40a382364e5f041a58acc2959f2920aa9b4ccf5e9db/boto3_stubs-1.40.52.tar.gz", hash = "sha256:bd20a7bc9122bb1b939195431b9d3f540b1ef050103bc1720d786960907464fd", size = 100895, upload-time = "2025-10-14T20:45:42.254Z" }
wheels = [
    { url = "https://files.pythonhosted.org/packages/43/cf/d08cd0df2639896db574490181c363fc491404607b867a1bf04a623c4a19/boto3_stubs-1.40.52-py3-none-any.whl", hash = "sha256:5e2b74b7b5ad71ca2b8c35a8d3bf1e4ef60317b1682b5e7dda9f16a1c0b43844", size = 69709, upload-time = "2025-10-14T20:45:33.777Z" },
]

[package.optional-dependencies]
athena = [
    { name = "mypy-boto3-athena" },
]
s3 = [
    { name = "mypy-boto3-s3" },
]
sts = [
    { name = "mypy-boto3-sts" },
]

[[package]]
name = "botocore"
version = "1.40.52"
source = { registry = "https://pypi.org/simple" }
dependencies = [
    { name = "jmespath" },
    { name = "python-dateutil" },
    { name = "urllib3" },
]
sdist = { url = "https://files.pythonhosted.org/packages/83/74/3449d77c002d82586786b91dff6dd2e6fd52c5cdc1793d1ac7ea690ea52c/botocore-1.40.52.tar.gz", hash = "sha256:b65d970ca4ccd869639332083da17c3a933bcf495120dcc4f5c7723cb3f6216c", size = 14427680, upload-time = "2025-10-14T20:32:03.065Z" }
wheels = [
    { url = "https://files.pythonhosted.org/packages/05/ad/559dc4097fe1368e5f3abb5d8ca496f9c609e4e452498bca11134fde1462/botocore-1.40.52-py3-none-any.whl", hash = "sha256:838697a06c7713df8d39f088105334b4eadcc3d65c7a260bf1a1bd8bf616ce4a", size = 14098823, upload-time = "2025-10-14T20:32:00.094Z" },
]

[[package]]
name = "botocore-stubs"
version = "1.40.52"
source = { registry = "https://pypi.org/simple" }
dependencies = [
    { name = "types-awscrt" },
]
sdist = { url = "https://files.pythonhosted.org/packages/70/e5/a3a7ad9b45e6612989bb52dd1b586a2e2b9539ce5b097c15d15a6b0d54cb/botocore_stubs-1.40.52.tar.gz", hash = "sha256:9e9809e563eb2c925051d849257bdc7605760bcbb62b3d5fe3117f9385345488", size = 42232, upload-time = "2025-10-14T21:21:00.995Z" }
wheels = [
    { url = "https://files.pythonhosted.org/packages/a1/be/f0be116f4d2db93400a4c0c4b92e79200df562c8a4b5c1fc97349b6460c2/botocore_stubs-1.40.52-py3-none-any.whl", hash = "sha256:4f3e244aad34997cb88aa81c64eb0df23c19d3cbc9337366dfb7f992807d2e53", size = 66541, upload-time = "2025-10-14T21:20:58.699Z" },
]

[[package]]
name = "colorama"
version = "0.4.6"
source = { registry = "https://pypi.org/simple" }
sdist = { url = "https://files.pythonhosted.org/packages/d8/53/6f443c9a4a8358a93a6792e2acffb9d9d5cb0a5cfd8802644b7b1c9a02e4/colorama-0.4.6.tar.gz", hash = "sha256:08695f5cb7ed6e0531a20572697297273c47b8cae5a63ffc6d6ed5c201be6e44", size = 27697, upload-time = "2022-10-25T02:36:22.414Z" }
wheels = [
    { url = "https://files.pythonhosted.org/packages/d1/d6/3965ed04c63042e047cb6a3e6ed1a63a35087b6a609aa3a15ed8ac56c221/colorama-0.4.6-py2.py3-none-any.whl", hash = "sha256:4f1d9991f5acc0ca119f9d443620b77f9d6b33703e51011c16baf57afb285fc6", size = 25335, upload-time = "2022-10-25T02:36:20.889Z" },
]

[[package]]
name = "coverage"
version = "7.10.7"
source = { registry = "https://pypi.org/simple" }
sdist = { url = "https://files.pythonhosted.org/packages/51/26/d22c300112504f5f9a9fd2297ce33c35f3d353e4aeb987c8419453b2a7c2/coverage-7.10.7.tar.gz", hash = "sha256:f4ab143ab113be368a3e9b795f9cd7906c5ef407d6173fe9675a902e1fffc239", size = 827704, upload-time = "2025-09-21T20:03:56.815Z" }
wheels = [
    { url = "https://files.pythonhosted.org/packages/9a/94/b765c1abcb613d103b64fcf10395f54d69b0ef8be6a0dd9c524384892cc7/coverage-7.10.7-cp313-cp313-macosx_10_13_x86_64.whl", hash = "sha256:981a651f543f2854abd3b5fcb3263aac581b18209be49863ba575de6edf4c14d", size = 218320, upload-time = "2025-09-21T20:01:56.629Z" },
    { url = "https://files.pythonhosted.org/packages/72/4f/732fff31c119bb73b35236dd333030f32c4bfe909f445b423e6c7594f9a2/coverage-7.10.7-cp313-cp313-macosx_11_0_arm64.whl", hash = "sha256:73ab1601f84dc804f7812dc297e93cd99381162da39c47040a827d4e8dafe63b", size = 218575, upload-time = "2025-09-21T20:01:58.203Z" },
    { url = "https://files.pythonhosted.org/packages/87/02/ae7e0af4b674be47566707777db1aa375474f02a1d64b9323e5813a6cdd5/coverage-7.10.7-cp313-cp313-manylinux1_i686.manylinux_2_28_i686.manylinux_2_5_i686.whl", hash = "sha256:a8b6f03672aa6734e700bbcd65ff050fd19cddfec4b031cc8cf1c6967de5a68e", size = 249568, upload-time = "2025-09-21T20:01:59.748Z" },
    { url = "https://files.pythonhosted.org/packages/a2/77/8c6d22bf61921a59bce5471c2f1f7ac30cd4ac50aadde72b8c48d5727902/coverage-7.10.7-cp313-cp313-manylinux1_x86_64.manylinux_2_28_x86_64.manylinux_2_5_x86_64.whl", hash = "sha256:10b6ba00ab1132a0ce4428ff68cf50a25efd6840a42cdf4239c9b99aad83be8b", size = 252174, upload-time = "2025-09-21T20:02:01.192Z" },
    { url = "https://files.pythonhosted.org/packages/b1/20/b6ea4f69bbb52dac0aebd62157ba6a9dddbfe664f5af8122dac296c3ee15/coverage-7.10.7-cp313-cp313-manylinux2014_aarch64.manylinux_2_17_aarch64.manylinux_2_28_aarch64.whl", hash = "sha256:c79124f70465a150e89340de5963f936ee97097d2ef76c869708c4248c63ca49", size = 253447, upload-time = "2025-09-21T20:02:02.701Z" },
    { url = "https://files.pythonhosted.org/packages/f9/28/4831523ba483a7f90f7b259d2018fef02cb4d5b90bc7c1505d6e5a84883c/coverage-7.10.7-cp313-cp313-manylinux_2_31_riscv64.manylinux_2_39_riscv64.whl", hash = "sha256:69212fbccdbd5b0e39eac4067e20a4a5256609e209547d86f740d68ad4f04911", size = 249779, upload-time = "2025-09-21T20:02:04.185Z" },
    { url = "https://files.pythonhosted.org/packages/a7/9f/4331142bc98c10ca6436d2d620c3e165f31e6c58d43479985afce6f3191c/coverage-7.10.7-cp313-cp313-musllinux_1_2_aarch64.whl", hash = "sha256:7ea7c6c9d0d286d04ed3541747e6597cbe4971f22648b68248f7ddcd329207f0", size = 251604, upload-time = "2025-09-21T20:02:06.034Z" },
    { url = "https://files.pythonhosted.org/packages/ce/60/bda83b96602036b77ecf34e6393a3836365481b69f7ed7079ab85048202b/coverage-7.10.7-cp313-cp313-musllinux_1_2_i686.whl", hash = "sha256:b9be91986841a75042b3e3243d0b3cb0b2434252b977baaf0cd56e960fe1e46f", size = 249497, upload-time = "2025-09-21T20:02:07.619Z" },
    { url = "https://files.pythonhosted.org/packages/5f/af/152633ff35b2af63977edd835d8e6430f0caef27d171edf2fc76c270ef31/coverage-7.10.7-cp313-cp313-musllinux_1_2_riscv64.whl", hash = "sha256:b281d5eca50189325cfe1f365fafade89b14b4a78d9b40b05ddd1fc7d2a10a9c", size = 249350, upload-time = "2025-09-21T20:02:10.34Z" },
    { url = "https://files.pythonhosted.org/packages/9d/71/d92105d122bd21cebba877228990e1646d862e34a98bb3374d3fece5a794/coverage-7.10.7-cp313-cp313-musllinux_1_2_x86_64.whl", hash = "sha256:99e4aa63097ab1118e75a848a28e40d68b08a5e19ce587891ab7fd04475e780f", size = 251111, upload-time = "2025-09-21T20:02:12.122Z" },
    { url = "https://files.pythonhosted.org/packages/a2/9e/9fdb08f4bf476c912f0c3ca292e019aab6712c93c9344a1653986c3fd305/coverage-7.10.7-cp313-cp313-win32.whl", hash = "sha256:dc7c389dce432500273eaf48f410b37886be9208b2dd5710aaf7c57fd442c698", size = 220746, upload-time = "2025-09-21T20:02:13.919Z" },
    { url = "https://files.pythonhosted.org/packages/b1/b1/a75fd25df44eab52d1931e89980d1ada46824c7a3210be0d3c88a44aaa99/coverage-7.10.7-cp313-cp313-win_amd64.whl", hash = "sha256:cac0fdca17b036af3881a9d2729a850b76553f3f716ccb0360ad4dbc06b3b843", size = 221541, upload-time = "2025-09-21T20:02:15.57Z" },
    { url = "https://files.pythonhosted.org/packages/14/3a/d720d7c989562a6e9a14b2c9f5f2876bdb38e9367126d118495b89c99c37/coverage-7.10.7-cp313-cp313-win_arm64.whl", hash = "sha256:4b6f236edf6e2f9ae8fcd1332da4e791c1b6ba0dc16a2dc94590ceccb482e546", size = 220170, upload-time = "2025-09-21T20:02:17.395Z" },
    { url = "https://files.pythonhosted.org/packages/bb/22/e04514bf2a735d8b0add31d2b4ab636fc02370730787c576bb995390d2d5/coverage-7.10.7-cp313-cp313t-macosx_10_13_x86_64.whl", hash = "sha256:a0ec07fd264d0745ee396b666d47cef20875f4ff2375d7c4f58235886cc1ef0c", size = 219029, upload-time = "2025-09-21T20:02:18.936Z" },
    { url = "https://files.pythonhosted.org/packages/11/0b/91128e099035ece15da3445d9015e4b4153a6059403452d324cbb0a575fa/coverage-7.10.7-cp313-cp313t-macosx_11_0_arm64.whl", hash = "sha256:dd5e856ebb7bfb7672b0086846db5afb4567a7b9714b8a0ebafd211ec7ce6a15", size = 219259, upload-time = "2025-09-21T20:02:20.44Z" },
    { url = "https://files.pythonhosted.org/packages/8b/51/66420081e72801536a091a0c8f8c1f88a5c4bf7b9b1bdc6222c7afe6dc9b/coverage-7.10.7-cp313-cp313t-manylinux1_i686.manylinux_2_28_i686.manylinux_2_5_i686.whl", hash = "sha256:f57b2a3c8353d3e04acf75b3fed57ba41f5c0646bbf1d10c7c282291c97936b4", size = 260592, upload-time = "2025-09-21T20:02:22.313Z" },
    { url = "https://files.pythonhosted.org/packages/5d/22/9b8d458c2881b22df3db5bb3e7369e63d527d986decb6c11a591ba2364f7/coverage-7.10.7-cp313-cp313t-manylinux1_x86_64.manylinux_2_28_x86_64.manylinux_2_5_x86_64.whl", hash = "sha256:1ef2319dd15a0b009667301a3f84452a4dc6fddfd06b0c5c53ea472d3989fbf0", size = 262768, upload-time = "2025-09-21T20:02:24.287Z" },
    { url = "https://files.pythonhosted.org/packages/f7/08/16bee2c433e60913c610ea200b276e8eeef084b0d200bdcff69920bd5828/coverage-7.10.7-cp313-cp313t-manylinux2014_aarch64.manylinux_2_17_aarch64.manylinux_2_28_aarch64.whl", hash = "sha256:83082a57783239717ceb0ad584de3c69cf581b2a95ed6bf81ea66034f00401c0", size = 264995, upload-time = "2025-09-21T20:02:26.133Z" },
    { url = "https://files.pythonhosted.org/packages/20/9d/e53eb9771d154859b084b90201e5221bca7674ba449a17c101a5031d4054/coverage-7.10.7-cp313-cp313t-manylinux_2_31_riscv64.manylinux_2_39_riscv64.whl", hash = "sha256:50aa94fb1fb9a397eaa19c0d5ec15a5edd03a47bf1a3a6111a16b36e190cff65", size = 259546, upload-time = "2025-09-21T20:02:27.716Z" },
    { url = "https://files.pythonhosted.org/packages/ad/b0/69bc7050f8d4e56a89fb550a1577d5d0d1db2278106f6f626464067b3817/coverage-7.10.7-cp313-cp313t-musllinux_1_2_aarch64.whl", hash = "sha256:2120043f147bebb41c85b97ac45dd173595ff14f2a584f2963891cbcc3091541", size = 262544, upload-time = "2025-09-21T20:02:29.216Z" },
    { url = "https://files.pythonhosted.org/packages/ef/4b/2514b060dbd1bc0aaf23b852c14bb5818f244c664cb16517feff6bb3a5ab/coverage-7.10.7-cp313-cp313t-musllinux_1_2_i686.whl", hash = "sha256:2fafd773231dd0378fdba66d339f84904a8e57a262f583530f4f156ab83863e6", size = 260308, upload-time = "2025-09-21T20:02:31.226Z" },
    { url = "https://files.pythonhosted.org/packages/54/78/7ba2175007c246d75e496f64c06e94122bdb914790a1285d627a918bd271/coverage-7.10.7-cp313-cp313t-musllinux_1_2_riscv64.whl", hash = "sha256:0b944ee8459f515f28b851728ad224fa2d068f1513ef6b7ff1efafeb2185f999", size = 258920, upload-time = "2025-09-21T20:02:32.823Z" },
    { url = "https://files.pythonhosted.org/packages/c0/b3/fac9f7abbc841409b9a410309d73bfa6cfb2e51c3fada738cb607ce174f8/coverage-7.10.7-cp313-cp313t-musllinux_1_2_x86_64.whl", hash = "sha256:4b583b97ab2e3efe1b3e75248a9b333bd3f8b0b1b8e5b45578e05e5850dfb2c2", size = 261434, upload-time = "2025-09-21T20:02:34.86Z" },
    { url = "https://files.pythonhosted.org/packages/ee/51/a03bec00d37faaa891b3ff7387192cef20f01604e5283a5fabc95346befa/coverage-7.10.7-cp313-cp313t-win32.whl", hash = "sha256:2a78cd46550081a7909b3329e2266204d584866e8d97b898cd7fb5ac8d888b1a", size = 221403, upload-time = "2025-09-21T20:02:37.034Z" },
    { url = "https://files.pythonhosted.org/packages/53/22/3cf25d614e64bf6d8e59c7c669b20d6d940bb337bdee5900b9ca41c820bb/coverage-7.10.7-cp313-cp313t-win_amd64.whl", hash = "sha256:33a5e6396ab684cb43dc7befa386258acb2d7fae7f67330ebb85ba4ea27938eb", size = 222469, upload-time = "2025-09-21T20:02:39.011Z" },
    { url = "https://files.pythonhosted.org/packages/49/a1/00164f6d30d8a01c3c9c48418a7a5be394de5349b421b9ee019f380df2a0/coverage-7.10.7-cp313-cp313t-win_arm64.whl", hash = "sha256:86b0e7308289ddde73d863b7683f596d8d21c7d8664ce1dee061d0bcf3fbb4bb", size = 220731, upload-time = "2025-09-21T20:02:40.939Z" },
    { url = "https://files.pythonhosted.org/packages/ec/16/114df1c291c22cac3b0c127a73e0af5c12ed7bbb6558d310429a0ae24023/coverage-7.10.7-py3-none-any.whl", hash = "sha256:f7941f6f2fe6dd6807a1208737b8a0cbcf1cc6d7b07d24998ad2d63590868260", size = 209952, upload-time = "2025-09-21T20:03:53.918Z" },
]

[[package]]
name = "iniconfig"
version = "2.1.0"
source = { registry = "https://pypi.org/simple" }
sdist = { url = "https://files.pythonhosted.org/packages/f2/97/ebf4da567aa6827c909642694d71c9fcf53e5b504f2d96afea02718862f3/iniconfig-2.1.0.tar.gz", hash = "sha256:3abbd2e30b36733fee78f9c7f7308f2d0050e88f0087fd25c2645f63c773e1c7", size = 4793, upload-time = "2025-03-19T20:09:59.721Z" }
wheels = [
    { url = "https://files.pythonhosted.org/packages/2c/e1/e6716421ea10d38022b952c159d5161ca1193197fb744506875fbb87ea7b/iniconfig-2.1.0-py3-none-any.whl", hash = "sha256:9deba5723312380e77435581c6bf4935c94cbfab9b1ed33ef8d238ea168eb760", size = 6050, upload-time = "2025-03-19T20:10:01.071Z" },
]

[[package]]
name = "jmespath"
version = "1.0.1"
source = { registry = "https://pypi.org/simple" }
sdist = { url = "https://files.pythonhosted.org/packages/00/2a/e867e8531cf3e36b41201936b7fa7ba7b5702dbef42922193f05c8976cd6/jmespath-1.0.1.tar.gz", hash = "sha256:90261b206d6defd58fdd5e85f478bf633a2901798906be2ad389150c5c60edbe", size = 25843, upload-time = "2022-06-17T18:00:12.224Z" }
wheels = [
    { url = "https://files.pythonhosted.org/packages/31/b4/b9b800c45527aadd64d5b442f9b932b00648617eb5d63d2c7a6587b7cafc/jmespath-1.0.1-py3-none-any.whl", hash = "sha256:02e2e4cc71b5bcab88332eebf907519190dd9e6e82107fa7f83b1003a6252980", size = 20256, upload-time = "2022-06-17T18:00:10.251Z" },
]

[[package]]
name = "mypy-boto3-athena"
version = "1.40.0"
source = { registry = "https://pypi.org/simple" }
sdist = { url = "https://files.pythonhosted.org/packages/9b/9c/a16a597632e24f5e3ad30fe1e5f570e2bdaf713297013d81d7001bfbfabc/mypy_boto3_athena-1.40.0.tar.gz", hash = "sha256:da8429f556bcd857b2c9fed9133ef0bfecb898e2b74e9679f3aaafcc26702bf1", size = 36614, upload-time = "2025-07-31T19:36:39.469Z" }
wheels = [
    { url = "https://files.pythonhosted.org/packages/f4/a0/7a10865896ddf356c735b1d8ba5ec509386540e89d552bd0108674cda30f/mypy_boto3_athena-1.40.0-py3-none-any.whl", hash = "sha256:3fc5e4b294248663a6030bb5f13e94f199ebcca4f4f43bfcd30705ce47d28008", size = 40986, upload-time = "2025-07-31T19:36:37.666Z" },
]

[[package]]
name = "mypy-boto3-s3"
version = "1.40.26"
source = { registry = "https://pypi.org/simple" }
sdist = { url = "https://files.pythonhosted.org/packages/00/b8/55d21ed9ca479df66d9892212ba7d7977850ef17aa80a83e3f11f31190fd/mypy_boto3_s3-1.40.26.tar.gz", hash = "sha256:8d2bfd1052894d0e84c9fb9358d838ba0eed0265076c7dd7f45622c770275c99", size = 75948, upload-time = "2025-09-08T20:12:21.405Z" }
wheels = [
    { url = "https://files.pythonhosted.org/packages/85/a5/dba3384423834009bdd41c7021de5c663468a0e7bc4071cb301721e52a99/mypy_boto3_s3-1.40.26-py3-none-any.whl", hash = "sha256:6d055d16ef89a0133ade92f6b4f09603e4acc31a0f5e8f846edf4eb48f17b5a7", size = 82762, upload-time = "2025-09-08T20:12:19.338Z" },
]

[[package]]
name = "mypy-boto3-sts"
version = "1.40.0"
source = { registry = "https://pypi.org/simple" }
sdist = { url = "https://files.pythonhosted.org/packages/39/32/8dce999ed05c797000ce70287f3e82025a98514781c303c7f8fe42f7b327/mypy_boto3_sts-1.40.0.tar.gz", hash = "sha256:eb55e50960ae6194d09488464c302196392df712a6a5f4308b6a0e24244cfd5c", size = 16577, upload-time = "2025-07-31T19:52:23.924Z" }
wheels = [
    { url = "https://files.pythonhosted.org/packages/78/f8/38dae2983d72ea4fff75b235d42d3b1ecad407e0136f4951bfd9016ecaea/mypy_boto3_sts-1.40.0-py3-none-any.whl", hash = "sha256:fff731694cab2474bf7e7d3344b049b4ac0272d76b72fc4f7e4ae543ead8a5e6", size = 20192, upload-time = "2025-07-31T19:52:21.353Z" },
]

[[package]]
name = "packaging"
version = "25.0"
source = { registry = "https://pypi.org/simple" }
sdist = { url = "https://files.pythonhosted.org/packages/a1/d4/1fc4078c65507b51b96ca8f8c3ba19e6a61c8253c72794544580a7b6c24d/packaging-25.0.tar.gz", hash = "sha256:d443872c98d677bf60f6a1f2f8c1cb748e8fe762d2bf9d3148b5599295b0fc4f", size = 165727, upload-time = "2025-04-19T11:48:59.673Z" }
wheels = [
    { url = "https://files.pythonhosted.org/packages/20/12/38679034af332785aac8774540895e234f4d07f7545804097de4b666afd8/packaging-25.0-py3-none-any.whl", hash = "sha256:29572ef2b1f17581046b3a2227d5c611fb25ec70ca1ba8554b24b0e69331a484", size = 66469, upload-time = "2025-04-19T11:48:57.875Z" },
]

[[package]]
name = "pluggy"
version = "1.6.0"
source = { registry = "https://pypi.org/simple" }
sdist = { url = "https://files.pythonhosted.org/packages/f9/e2/3e91f31a7d2b083fe6ef3fa267035b518369d9511ffab804f839851d2779/pluggy-1.6.0.tar.gz", hash = "sha256:7dcc130b76258d33b90f61b658791dede3486c3e6bfb003ee5c9bfb396dd22f3", size = 69412, upload-time = "2025-05-15T12:30:07.975Z" }
wheels = [
    { url = "https://files.pythonhosted.org/packages/54/20/4d324d65cc6d9205fabedc306948156824eb9f0ee1633355a8f7ec5c66bf/pluggy-1.6.0-py3-none-any.whl", hash = "sha256:e920276dd6813095e9377c0bc5566d94c932c33b27a3e3945d8389c374dd4746", size = 20538, upload-time = "2025-05-15T12:30:06.134Z" },
]

[[package]]
name = "pygments"
version = "2.19.2"
source = { registry = "https://pypi.org/simple" }
sdist = { url = "https://files.pythonhosted.org/packages/b0/77/a5b8c569bf593b0140bde72ea885a803b82086995367bf2037de0159d924/pygments-2.19.2.tar.gz", hash = "sha256:636cb2477cec7f8952536970bc533bc43743542f70392ae026374600add5b887", size = 4968631, upload-time = "2025-06-21T13:39:12.283Z" }
wheels = [
    { url = "https://files.pythonhosted.org/packages/c7/21/705964c7812476f378728bdf590ca4b771ec72385c533964653c68e86bdc/pygments-2.19.2-py3-none-any.whl", hash = "sha256:86540386c03d588bb81d44bc3928634ff26449851e99741617ecb9037ee5ec0b", size = 1225217, upload-time = "2025-06-21T13:39:07.939Z" },
]

[[package]]
name = "pytest"
version = "8.4.2"
source = { registry = "https://pypi.org/simple" }
dependencies = [
    { name = "colorama", marker = "sys_platform == 'win32'" },
    { name = "iniconfig" },
    { name = "packaging" },
    { name = "pluggy" },
    { name = "pygments" },
]
sdist = { url = "https://files.pythonhosted.org/packages/a3/5c/00a0e072241553e1a7496d638deababa67c5058571567b92a7eaa258397c/pytest-8.4.2.tar.gz", hash = "sha256:86c0d0b93306b961d58d62a4db4879f27fe25513d4b969df351abdddb3c30e01", size = 1519618, upload-time = "2025-09-04T14:34:22.711Z" }
wheels = [
    { url = "https://files.pythonhosted.org/packages/a8/a4/20da314d277121d6534b3a980b29035dcd51e6744bd79075a6ce8fa4eb8d/pytest-8.4.2-py3-none-any.whl", hash = "sha256:872f880de3fc3a5bdc88a11b39c9710c3497a547cfa9320bc3c5e62fbf272e79", size = 365750, upload-time = "2025-09-04T14:34:20.226Z" },
]

[[package]]
name = "pytest-cov"
version = "7.0.0"
source = { registry = "https://pypi.org/simple" }
dependencies = [
    { name = "coverage" },
    { name = "pluggy" },
    { name = "pytest" },
]
sdist = { url = "https://files.pythonhosted.org/packages/5e/f7/c933acc76f5208b3b00089573cf6a2bc26dc80a8aece8f52bb7d6b1855ca/pytest_cov-7.0.0.tar.gz", hash = "sha256:33c97eda2e049a0c5298e91f519302a1334c26ac65c1a483d6206fd458361af1", size = 54328, upload-time = "2025-09-09T10:57:02.113Z" }
wheels = [
    { url = "https://files.pythonhosted.org/packages/ee/49/1377b49de7d0c1ce41292161ea0f721913fa8722c19fb9c1e3aa0367eecb/pytest_cov-7.0.0-py3-none-any.whl", hash = "sha256:3b8e9558b16cc1479da72058bdecf8073661c7f57f7d3c5f22a1c23507f2d861", size = 22424, upload-time = "2025-09-09T10:57:00.695Z" },
]

[[package]]
name = "pytest-env"
version = "1.2.0"
source = { registry = "https://pypi.org/simple" }
dependencies = [
    { name = "pytest" },
]
sdist = { url = "https://files.pythonhosted.org/packages/13/12/9c87d0ca45d5992473208bcef2828169fa7d39b8d7fc6e3401f5c08b8bf7/pytest_env-1.2.0.tar.gz", hash = "sha256:475e2ebe8626cee01f491f304a74b12137742397d6c784ea4bc258f069232b80", size = 8973, upload-time = "2025-10-09T19:15:47.42Z" }
wheels = [
    { url = "https://files.pythonhosted.org/packages/27/98/822b924a4a3eb58aacba84444c7439fce32680592f394de26af9c76e2569/pytest_env-1.2.0-py3-none-any.whl", hash = "sha256:d7e5b7198f9b83c795377c09feefa45d56083834e60d04767efd64819fc9da00", size = 6251, upload-time = "2025-10-09T19:15:46.077Z" },
]

[[package]]
name = "pytest-mock"
version = "3.15.1"
source = { registry = "https://pypi.org/simple" }
dependencies = [
    { name = "pytest" },
]
sdist = { url = "https://files.pythonhosted.org/packages/68/14/eb014d26be205d38ad5ad20d9a80f7d201472e08167f0bb4361e251084a9/pytest_mock-3.15.1.tar.gz", hash = "sha256:1849a238f6f396da19762269de72cb1814ab44416fa73a8686deac10b0d87a0f", size = 34036, upload-time = "2025-09-16T16:37:27.081Z" }
wheels = [
    { url = "https://files.pythonhosted.org/packages/5a/cc/06253936f4a7fa2e0f48dfe6d851d9c56df896a9ab09ac019d70b760619c/pytest_mock-3.15.1-py3-none-any.whl", hash = "sha256:0a25e2eb88fe5168d535041d09a4529a188176ae608a6d249ee65abc0949630d", size = 10095, upload-time = "2025-09-16T16:37:25.734Z" },
]

[[package]]
name = "python-dateutil"
version = "2.9.0.post0"
source = { registry = "https://pypi.org/simple" }
dependencies = [
    { name = "six" },
]
sdist = { url = "https://files.pythonhosted.org/packages/66/c0/0c8b6ad9f17a802ee498c46e004a0eb49bc148f2fd230864601a86dcf6db/python-dateutil-2.9.0.post0.tar.gz", hash = "sha256:37dd54208da7e1cd875388217d5e00ebd4179249f90fb72437e91a35459a0ad3", size = 342432, upload-time = "2024-03-01T18:36:20.211Z" }
wheels = [
    { url = "https://files.pythonhosted.org/packages/ec/57/56b9bcc3c9c6a792fcbaf139543cee77261f3651ca9da0c93f5c1221264b/python_dateutil-2.9.0.post0-py2.py3-none-any.whl", hash = "sha256:a8b2bc7bffae282281c8140a97d3aa9c14da0b136dfe83f850eea9a5f7470427", size = 229892, upload-time = "2024-03-01T18:36:18.57Z" },
]

[[package]]
name = "quilt-shared"
version = "0.1.0"
source = { url = "https://github.com/quiltdata/quilt/archive/f90584485ba84a9d46fe4c7014f858a4b57738bd.zip", subdirectory = "py-shared" }
sdist = { hash = "sha256:f7d07fe2710e63e446e6e0c6d052f9856c7747c7ea378a5b3eafe57d7941e11a" }

[package.optional-dependencies]
boto = [
    { name = "boto3" },
    { name = "boto3-stubs", extra = ["athena", "s3", "sts"] },
    { name = "types-aiobotocore", extra = ["s3"] },
]

[package.metadata]
requires-dist = [
    { name = "aws-requests-auth", marker = "extra == 'es'", specifier = "~=0.4.2" },
    { name = "boto3", marker = "extra == 'boto'", specifier = "~=1.34" },
    { name = "boto3-stubs", extras = ["athena", "s3", "sts"], marker = "extra == 'boto'", specifier = "~=1.34" },
    { name = "elasticsearch", marker = "extra == 'es'", specifier = "~=6.8" },
    { name = "orjson", marker = "extra == 'es'", specifier = "~=3.10" },
    { name = "pydantic", marker = "extra == 'pydantic'", specifier = "~=2.10" },
    { name = "quilt3", marker = "extra == 'quilt'", specifier = "~=5.4" },
    { name = "types-aiobotocore", extras = ["s3"], marker = "extra == 'boto'", specifier = "~=2.11" },
    { name = "typing-extensions", marker = "extra == 'pydantic'", specifier = "~=4.9" },
]
provides-extras = ["pydantic", "boto", "quilt", "es"]

[[package]]
name = "s3transfer"
version = "0.14.0"
source = { registry = "https://pypi.org/simple" }
dependencies = [
    { name = "botocore" },
]
sdist = { url = "https://files.pythonhosted.org/packages/62/74/8d69dcb7a9efe8baa2046891735e5dfe433ad558ae23d9e3c14c633d1d58/s3transfer-0.14.0.tar.gz", hash = "sha256:eff12264e7c8b4985074ccce27a3b38a485bb7f7422cc8046fee9be4983e4125", size = 151547, upload-time = "2025-09-09T19:23:31.089Z" }
wheels = [
    { url = "https://files.pythonhosted.org/packages/48/f0/ae7ca09223a81a1d890b2557186ea015f6e0502e9b8cb8e1813f1d8cfa4e/s3transfer-0.14.0-py3-none-any.whl", hash = "sha256:ea3b790c7077558ed1f02a3072fb3cb992bbbd253392f4b6e9e8976941c7d456", size = 85712, upload-time = "2025-09-09T19:23:30.041Z" },
]

[[package]]
name = "six"
version = "1.17.0"
source = { registry = "https://pypi.org/simple" }
sdist = { url = "https://files.pythonhosted.org/packages/94/e7/b2c673351809dca68a0e064b6af791aa332cf192da575fd474ed7d6f16a2/six-1.17.0.tar.gz", hash = "sha256:ff70335d468e7eb6ec65b95b99d3a2836546063f63acc5171de367e834932a81", size = 34031, upload-time = "2024-12-04T17:35:28.174Z" }
wheels = [
    { url = "https://files.pythonhosted.org/packages/b7/ce/149a00dd41f10bc29e5921b496af8b574d8413afcd5e30dfa0ed46c2cc5e/six-1.17.0-py2.py3-none-any.whl", hash = "sha256:4721f391ed90541fddacab5acf947aa0d3dc7d27b2e1e8eda2be8970586c3274", size = 11050, upload-time = "2024-12-04T17:35:26.475Z" },
]

[[package]]
name = "t4-lambda-iceberg"
version = "0.1.0"
source = { editable = "." }
dependencies = [
    { name = "boto3" },
    { name = "quilt-shared", extra = ["boto"] },
]

[package.dev-dependencies]
test = [
    { name = "pytest" },
    { name = "pytest-cov" },
    { name = "pytest-env" },
    { name = "pytest-mock" },
]

[package.metadata]
requires-dist = [
    { name = "boto3", specifier = ">=1.40.41,<2.0.0" },
    { name = "quilt-shared", extras = ["boto"], url = "https://github.com/quiltdata/quilt/archive/f90584485ba84a9d46fe4c7014f858a4b57738bd.zip", subdirectory = "py-shared" },
]

[package.metadata.requires-dev]
test = [
    { name = "pytest", specifier = "~=8.4" },
    { name = "pytest-cov", specifier = "~=7.0" },
    { name = "pytest-env", specifier = "~=1.1" },
    { name = "pytest-mock", specifier = "~=3.15" },
]

[[package]]
name = "types-aiobotocore"
version = "2.25.0"
source = { registry = "https://pypi.org/simple" }
dependencies = [
    { name = "botocore-stubs" },
]
sdist = { url = "https://files.pythonhosted.org/packages/51/0e/ce075f02b7b99cf06607c06d85f731cf70d22a628a4c05b14f8fdbd7a852/types_aiobotocore-2.25.0.tar.gz", hash = "sha256:7e5e96568935d5255095b5f8aaedc0c1b265770a260a2ab6ed7d4c7ea7fe8228", size = 86814, upload-time = "2025-10-11T01:37:34.424Z" }
wheels = [
    { url = "https://files.pythonhosted.org/packages/4e/fb/1b78fc895712e48d9a3b94aeee9aed31eee5682a447844f8873f036186fb/types_aiobotocore-2.25.0-py3-none-any.whl", hash = "sha256:7a9efa7e8240774546b95ae0db3b6f7cbf9f05c89db317612ec1d678649a88ff", size = 54291, upload-time = "2025-10-11T01:37:29.108Z" },
]

[package.optional-dependencies]
s3 = [
    { name = "types-aiobotocore-s3" },
]

[[package]]
name = "types-aiobotocore-s3"
version = "2.25.0"
source = { registry = "https://pypi.org/simple" }
sdist = { url = "https://files.pythonhosted.org/packages/17/c7/d69fd0aa19b61ae67357b4d4aa546be7a6e0b38cde5d0c0704208e00791a/types_aiobotocore_s3-2.25.0.tar.gz", hash = "sha256:3885d2d975b02490c4a59ab0d9c607dec2b7d650189f19a2b6a5e0f81a07e56d", size = 76334, upload-time = "2025-10-11T01:32:43.509Z" }
wheels = [
    { url = "https://files.pythonhosted.org/packages/43/42/0606f39a94b828f53db6741a5803626766379fc653c43fa98d1a3da28fb8/types_aiobotocore_s3-2.25.0-py3-none-any.whl", hash = "sha256:637b8b3eabd71a8083e835adb696e08b8bab75fb2e3f1ef3020334659abdf698", size = 83849, upload-time = "2025-10-11T01:32:42.437Z" },
]

[[package]]
name = "types-awscrt"
version = "0.28.1"
source = { registry = "https://pypi.org/simple" }
sdist = { url = "https://files.pythonhosted.org/packages/60/19/a3a6377c9e2e389c1421c033a1830c29cac08f2e1e05a082ea84eb22c75f/types_awscrt-0.28.1.tar.gz", hash = "sha256:66d77ec283e1dc907526a44511a12624118723a396c36d3f3dd9855cb614ce14", size = 17410, upload-time = "2025-10-11T21:55:07.443Z" }
wheels = [
    { url = "https://files.pythonhosted.org/packages/ea/c7/0266b797d19b82aebe0e177efe35de7aabdc192bc1605ce3309331f0a505/types_awscrt-0.28.1-py3-none-any.whl", hash = "sha256:d88f43ef779f90b841ba99badb72fe153077225a4e426ae79e943184827b4443", size = 41851, upload-time = "2025-10-11T21:55:06.235Z" },
]

[[package]]
name = "types-s3transfer"
version = "0.14.0"
source = { registry = "https://pypi.org/simple" }
sdist = { url = "https://files.pythonhosted.org/packages/8e/9b/8913198b7fc700acc1dcb84827137bb2922052e43dde0f4fb0ed2dc6f118/types_s3transfer-0.14.0.tar.gz", hash = "sha256:17f800a87c7eafab0434e9d87452c809c290ae906c2024c24261c564479e9c95", size = 14218, upload-time = "2025-10-11T21:11:27.892Z" }
wheels = [
    { url = "https://files.pythonhosted.org/packages/92/c3/4dfb2e87c15ca582b7d956dfb7e549de1d005c758eb9a305e934e1b83fda/types_s3transfer-0.14.0-py3-none-any.whl", hash = "sha256:108134854069a38b048e9b710b9b35904d22a9d0f37e4e1889c2e6b58e5b3253", size = 19697, upload-time = "2025-10-11T21:11:26.749Z" },
]

[[package]]
name = "urllib3"
version = "2.5.0"
source = { registry = "https://pypi.org/simple" }
sdist = { url = "https://files.pythonhosted.org/packages/15/22/9ee70a2574a4f4599c47dd506532914ce044817c7752a79b6a51286319bc/urllib3-2.5.0.tar.gz", hash = "sha256:3fc47733c7e419d4bc3f6b3dc2b4f890bb743906a30d56ba4a5bfa4bbff92760", size = 393185, upload-time = "2025-06-18T14:07:41.644Z" }
wheels = [
    { url = "https://files.pythonhosted.org/packages/a7/c2/fe1e52489ae3122415c51f387e221dd0773709bad6c6cdaa599e8a2c5185/urllib3-2.5.0-py3-none-any.whl", hash = "sha256:e6b01673c0fa6a13e374b50871808eb3bf7046c4b125b216f6bf1cc604cff0dc", size = 129795, upload-time = "2025-06-18T14:07:40.39Z" },
]
