version = 1
revision = 3
requires-python = "==3.11.*"

[[package]]
name = "boto3"
version = "1.40.41"
source = { registry = "https://pypi.org/simple" }
dependencies = [
    { name = "botocore" },
    { name = "jmespath" },
    { name = "s3transfer" },
]
sdist = { url = "https://files.pythonhosted.org/packages/52/f7/d652732fd8fc28f427f3e698e488b7422ede535fe4d813c7988642c7734b/boto3-1.40.41.tar.gz", hash = "sha256:2ea2463fc42812f3cab66b53114579b1f4b9a378ee48921d4385511a94307b24", size = 111621, upload-time = "2025-09-29T19:21:14.928Z" }
wheels = [
    { url = "https://files.pythonhosted.org/packages/45/a8/d5c924e3dfce8804ff7119c1e84f423414851a82d30d744e81f4b61ddbff/boto3-1.40.41-py3-none-any.whl", hash = "sha256:02eac942aaa9f3a1c8a11f77e6f971b41c125973888f80f3eb177c2f21ad7a01", size = 139342, upload-time = "2025-09-29T19:21:12.728Z" },
]

[[package]]
name = "boto3-stubs"
version = "1.40.46"
source = { registry = "https://pypi.org/simple" }
dependencies = [
    { name = "botocore-stubs" },
    { name = "types-s3transfer" },
    { name = "typing-extensions" },
]
sdist = { url = "https://files.pythonhosted.org/packages/a1/08/3d8d0257737b2ddae54bd13d2f5cfab82d1a9ade2a6bdd8c32e52bda225c/boto3_stubs-1.40.46.tar.gz", hash = "sha256:4cc46f868674bea17008b17cbe530ad9d3b9cd5efbac44ccaca453bd59b3ed4d", size = 100819, upload-time = "2025-10-06T20:37:58.402Z" }
wheels = [
    { url = "https://files.pythonhosted.org/packages/f4/43/6b207fd1fb2ed676b785ed025a1648139686a66be4da73779bcc02526046/boto3_stubs-1.40.46-py3-none-any.whl", hash = "sha256:922e2f055dca0751e51e1b7a70df0835d1ba30b71d143af043760b3674221061", size = 69690, upload-time = "2025-10-06T20:37:46.861Z" },
]

[package.optional-dependencies]
athena = [
    { name = "mypy-boto3-athena" },
]
s3 = [
    { name = "mypy-boto3-s3" },
]
sts = [
    { name = "mypy-boto3-sts" },
]

[[package]]
name = "botocore"
version = "1.40.41"
source = { registry = "https://pypi.org/simple" }
dependencies = [
    { name = "jmespath" },
    { name = "python-dateutil" },
    { name = "urllib3" },
]
sdist = { url = "https://files.pythonhosted.org/packages/c8/55/fa23104e4352f28a457c452a3621b00fe2a7a1e096d04e2f4a9890250448/botocore-1.40.41.tar.gz", hash = "sha256:320873c6a34bfd64fb9bbc55e8ac38e7904a574cfc634d1f0f66b1490c62b89d", size = 14365601, upload-time = "2025-09-29T19:21:03.667Z" }
wheels = [
    { url = "https://files.pythonhosted.org/packages/c3/d2/1b5bc59c746413d3eca16bd659b8c00cf2d4eeb6274053d1ff3110d13670/botocore-1.40.41-py3-none-any.whl", hash = "sha256:8246bf73a2e20647cf1d4dae1e9a7c40f97f38a34a6a1fbfd49aa6b3dce5ffaa", size = 14034516, upload-time = "2025-09-29T19:20:59.792Z" },
]

[[package]]
name = "botocore-stubs"
version = "1.40.33"
source = { registry = "https://pypi.org/simple" }
dependencies = [
    { name = "types-awscrt" },
]
sdist = { url = "https://files.pythonhosted.org/packages/ae/94/16f8e1f41feaa38f1350aa5a4c60c5724b6c8524ca0e6c28523bf5070e74/botocore_stubs-1.40.33.tar.gz", hash = "sha256:89c51ae0b28d9d79fde8c497cf908ddf872ce027d2737d4d4ba473fde9cdaa82", size = 42742, upload-time = "2025-09-17T20:25:56.388Z" }
wheels = [
    { url = "https://files.pythonhosted.org/packages/af/7b/6d8fe12a955b16094460e89ea7c4e063f131f4b3bd461b96bcd625d0c79e/botocore_stubs-1.40.33-py3-none-any.whl", hash = "sha256:ad21fee32cbdc7ad4730f29baf88424c7086bf88a745f8e43660ca3e9a7e5f89", size = 66843, upload-time = "2025-09-17T20:25:54.052Z" },
]

[[package]]
name = "colorama"
version = "0.4.6"
source = { registry = "https://pypi.org/simple" }
sdist = { url = "https://files.pythonhosted.org/packages/d8/53/6f443c9a4a8358a93a6792e2acffb9d9d5cb0a5cfd8802644b7b1c9a02e4/colorama-0.4.6.tar.gz", hash = "sha256:08695f5cb7ed6e0531a20572697297273c47b8cae5a63ffc6d6ed5c201be6e44", size = 27697, upload-time = "2022-10-25T02:36:22.414Z" }
wheels = [
    { url = "https://files.pythonhosted.org/packages/d1/d6/3965ed04c63042e047cb6a3e6ed1a63a35087b6a609aa3a15ed8ac56c221/colorama-0.4.6-py2.py3-none-any.whl", hash = "sha256:4f1d9991f5acc0ca119f9d443620b77f9d6b33703e51011c16baf57afb285fc6", size = 25335, upload-time = "2022-10-25T02:36:20.889Z" },
]

[[package]]
name = "coverage"
version = "7.10.7"
source = { registry = "https://pypi.org/simple" }
sdist = { url = "https://files.pythonhosted.org/packages/51/26/d22c300112504f5f9a9fd2297ce33c35f3d353e4aeb987c8419453b2a7c2/coverage-7.10.7.tar.gz", hash = "sha256:f4ab143ab113be368a3e9b795f9cd7906c5ef407d6173fe9675a902e1fffc239", size = 827704, upload-time = "2025-09-21T20:03:56.815Z" }
wheels = [
    { url = "https://files.pythonhosted.org/packages/d2/5d/c1a17867b0456f2e9ce2d8d4708a4c3a089947d0bec9c66cdf60c9e7739f/coverage-7.10.7-cp311-cp311-macosx_10_9_x86_64.whl", hash = "sha256:a609f9c93113be646f44c2a0256d6ea375ad047005d7f57a5c15f614dc1b2f59", size = 218102, upload-time = "2025-09-21T20:01:16.089Z" },
    { url = "https://files.pythonhosted.org/packages/54/f0/514dcf4b4e3698b9a9077f084429681bf3aad2b4a72578f89d7f643eb506/coverage-7.10.7-cp311-cp311-macosx_11_0_arm64.whl", hash = "sha256:65646bb0359386e07639c367a22cf9b5bf6304e8630b565d0626e2bdf329227a", size = 218505, upload-time = "2025-09-21T20:01:17.788Z" },
    { url = "https://files.pythonhosted.org/packages/20/f6/9626b81d17e2a4b25c63ac1b425ff307ecdeef03d67c9a147673ae40dc36/coverage-7.10.7-cp311-cp311-manylinux1_i686.manylinux_2_28_i686.manylinux_2_5_i686.whl", hash = "sha256:5f33166f0dfcce728191f520bd2692914ec70fac2713f6bf3ce59c3deacb4699", size = 248898, upload-time = "2025-09-21T20:01:19.488Z" },
    { url = "https://files.pythonhosted.org/packages/b0/ef/bd8e719c2f7417ba03239052e099b76ea1130ac0cbb183ee1fcaa58aaff3/coverage-7.10.7-cp311-cp311-manylinux1_x86_64.manylinux_2_28_x86_64.manylinux_2_5_x86_64.whl", hash = "sha256:35f5e3f9e455bb17831876048355dca0f758b6df22f49258cb5a91da23ef437d", size = 250831, upload-time = "2025-09-21T20:01:20.817Z" },
    { url = "https://files.pythonhosted.org/packages/a5/b6/bf054de41ec948b151ae2b79a55c107f5760979538f5fb80c195f2517718/coverage-7.10.7-cp311-cp311-manylinux2014_aarch64.manylinux_2_17_aarch64.manylinux_2_28_aarch64.whl", hash = "sha256:4da86b6d62a496e908ac2898243920c7992499c1712ff7c2b6d837cc69d9467e", size = 252937, upload-time = "2025-09-21T20:01:22.171Z" },
    { url = "https://files.pythonhosted.org/packages/0f/e5/3860756aa6f9318227443c6ce4ed7bf9e70bb7f1447a0353f45ac5c7974b/coverage-7.10.7-cp311-cp311-manylinux_2_31_riscv64.manylinux_2_39_riscv64.whl", hash = "sha256:6b8b09c1fad947c84bbbc95eca841350fad9cbfa5a2d7ca88ac9f8d836c92e23", size = 249021, upload-time = "2025-09-21T20:01:23.907Z" },
    { url = "https://files.pythonhosted.org/packages/26/0f/bd08bd042854f7fd07b45808927ebcce99a7ed0f2f412d11629883517ac2/coverage-7.10.7-cp311-cp311-musllinux_1_2_aarch64.whl", hash = "sha256:4376538f36b533b46f8971d3a3e63464f2c7905c9800db97361c43a2b14792ab", size = 250626, upload-time = "2025-09-21T20:01:25.721Z" },
    { url = "https://files.pythonhosted.org/packages/8e/a7/4777b14de4abcc2e80c6b1d430f5d51eb18ed1d75fca56cbce5f2db9b36e/coverage-7.10.7-cp311-cp311-musllinux_1_2_i686.whl", hash = "sha256:121da30abb574f6ce6ae09840dae322bef734480ceafe410117627aa54f76d82", size = 248682, upload-time = "2025-09-21T20:01:27.105Z" },
    { url = "https://files.pythonhosted.org/packages/34/72/17d082b00b53cd45679bad682fac058b87f011fd8b9fe31d77f5f8d3a4e4/coverage-7.10.7-cp311-cp311-musllinux_1_2_riscv64.whl", hash = "sha256:88127d40df529336a9836870436fc2751c339fbaed3a836d42c93f3e4bd1d0a2", size = 248402, upload-time = "2025-09-21T20:01:28.629Z" },
    { url = "https://files.pythonhosted.org/packages/81/7a/92367572eb5bdd6a84bfa278cc7e97db192f9f45b28c94a9ca1a921c3577/coverage-7.10.7-cp311-cp311-musllinux_1_2_x86_64.whl", hash = "sha256:ba58bbcd1b72f136080c0bccc2400d66cc6115f3f906c499013d065ac33a4b61", size = 249320, upload-time = "2025-09-21T20:01:30.004Z" },
    { url = "https://files.pythonhosted.org/packages/2f/88/a23cc185f6a805dfc4fdf14a94016835eeb85e22ac3a0e66d5e89acd6462/coverage-7.10.7-cp311-cp311-win32.whl", hash = "sha256:972b9e3a4094b053a4e46832b4bc829fc8a8d347160eb39d03f1690316a99c14", size = 220536, upload-time = "2025-09-21T20:01:32.184Z" },
    { url = "https://files.pythonhosted.org/packages/fe/ef/0b510a399dfca17cec7bc2f05ad8bd78cf55f15c8bc9a73ab20c5c913c2e/coverage-7.10.7-cp311-cp311-win_amd64.whl", hash = "sha256:a7b55a944a7f43892e28ad4bc0561dfd5f0d73e605d1aa5c3c976b52aea121d2", size = 221425, upload-time = "2025-09-21T20:01:33.557Z" },
    { url = "https://files.pythonhosted.org/packages/51/7f/023657f301a276e4ba1850f82749bc136f5a7e8768060c2e5d9744a22951/coverage-7.10.7-cp311-cp311-win_arm64.whl", hash = "sha256:736f227fb490f03c6488f9b6d45855f8e0fd749c007f9303ad30efab0e73c05a", size = 220103, upload-time = "2025-09-21T20:01:34.929Z" },
    { url = "https://files.pythonhosted.org/packages/ec/16/114df1c291c22cac3b0c127a73e0af5c12ed7bbb6558d310429a0ae24023/coverage-7.10.7-py3-none-any.whl", hash = "sha256:f7941f6f2fe6dd6807a1208737b8a0cbcf1cc6d7b07d24998ad2d63590868260", size = 209952, upload-time = "2025-09-21T20:03:53.918Z" },
]

[package.optional-dependencies]
toml = [
    { name = "tomli", marker = "python_full_version <= '3.11'" },
]

[[package]]
name = "iniconfig"
version = "2.1.0"
source = { registry = "https://pypi.org/simple" }
sdist = { url = "https://files.pythonhosted.org/packages/f2/97/ebf4da567aa6827c909642694d71c9fcf53e5b504f2d96afea02718862f3/iniconfig-2.1.0.tar.gz", hash = "sha256:3abbd2e30b36733fee78f9c7f7308f2d0050e88f0087fd25c2645f63c773e1c7", size = 4793, upload-time = "2025-03-19T20:09:59.721Z" }
wheels = [
    { url = "https://files.pythonhosted.org/packages/2c/e1/e6716421ea10d38022b952c159d5161ca1193197fb744506875fbb87ea7b/iniconfig-2.1.0-py3-none-any.whl", hash = "sha256:9deba5723312380e77435581c6bf4935c94cbfab9b1ed33ef8d238ea168eb760", size = 6050, upload-time = "2025-03-19T20:10:01.071Z" },
]

[[package]]
name = "jmespath"
version = "1.0.1"
source = { registry = "https://pypi.org/simple" }
sdist = { url = "https://files.pythonhosted.org/packages/00/2a/e867e8531cf3e36b41201936b7fa7ba7b5702dbef42922193f05c8976cd6/jmespath-1.0.1.tar.gz", hash = "sha256:90261b206d6defd58fdd5e85f478bf633a2901798906be2ad389150c5c60edbe", size = 25843, upload-time = "2022-06-17T18:00:12.224Z" }
wheels = [
    { url = "https://files.pythonhosted.org/packages/31/b4/b9b800c45527aadd64d5b442f9b932b00648617eb5d63d2c7a6587b7cafc/jmespath-1.0.1-py3-none-any.whl", hash = "sha256:02e2e4cc71b5bcab88332eebf907519190dd9e6e82107fa7f83b1003a6252980", size = 20256, upload-time = "2022-06-17T18:00:10.251Z" },
]

[[package]]
name = "mypy-boto3-athena"
version = "1.40.0"
source = { registry = "https://pypi.org/simple" }
dependencies = [
    { name = "typing-extensions" },
]
sdist = { url = "https://files.pythonhosted.org/packages/9b/9c/a16a597632e24f5e3ad30fe1e5f570e2bdaf713297013d81d7001bfbfabc/mypy_boto3_athena-1.40.0.tar.gz", hash = "sha256:da8429f556bcd857b2c9fed9133ef0bfecb898e2b74e9679f3aaafcc26702bf1", size = 36614, upload-time = "2025-07-31T19:36:39.469Z" }
wheels = [
    { url = "https://files.pythonhosted.org/packages/f4/a0/7a10865896ddf356c735b1d8ba5ec509386540e89d552bd0108674cda30f/mypy_boto3_athena-1.40.0-py3-none-any.whl", hash = "sha256:3fc5e4b294248663a6030bb5f13e94f199ebcca4f4f43bfcd30705ce47d28008", size = 40986, upload-time = "2025-07-31T19:36:37.666Z" },
]

[[package]]
name = "mypy-boto3-s3"
version = "1.40.26"
source = { registry = "https://pypi.org/simple" }
dependencies = [
    { name = "typing-extensions" },
]
sdist = { url = "https://files.pythonhosted.org/packages/00/b8/55d21ed9ca479df66d9892212ba7d7977850ef17aa80a83e3f11f31190fd/mypy_boto3_s3-1.40.26.tar.gz", hash = "sha256:8d2bfd1052894d0e84c9fb9358d838ba0eed0265076c7dd7f45622c770275c99", size = 75948, upload-time = "2025-09-08T20:12:21.405Z" }
wheels = [
    { url = "https://files.pythonhosted.org/packages/85/a5/dba3384423834009bdd41c7021de5c663468a0e7bc4071cb301721e52a99/mypy_boto3_s3-1.40.26-py3-none-any.whl", hash = "sha256:6d055d16ef89a0133ade92f6b4f09603e4acc31a0f5e8f846edf4eb48f17b5a7", size = 82762, upload-time = "2025-09-08T20:12:19.338Z" },
]

[[package]]
name = "mypy-boto3-sts"
version = "1.40.0"
source = { registry = "https://pypi.org/simple" }
dependencies = [
    { name = "typing-extensions" },
]
sdist = { url = "https://files.pythonhosted.org/packages/39/32/8dce999ed05c797000ce70287f3e82025a98514781c303c7f8fe42f7b327/mypy_boto3_sts-1.40.0.tar.gz", hash = "sha256:eb55e50960ae6194d09488464c302196392df712a6a5f4308b6a0e24244cfd5c", size = 16577, upload-time = "2025-07-31T19:52:23.924Z" }
wheels = [
    { url = "https://files.pythonhosted.org/packages/78/f8/38dae2983d72ea4fff75b235d42d3b1ecad407e0136f4951bfd9016ecaea/mypy_boto3_sts-1.40.0-py3-none-any.whl", hash = "sha256:fff731694cab2474bf7e7d3344b049b4ac0272d76b72fc4f7e4ae543ead8a5e6", size = 20192, upload-time = "2025-07-31T19:52:21.353Z" },
]

[[package]]
name = "packaging"
version = "25.0"
source = { registry = "https://pypi.org/simple" }
sdist = { url = "https://files.pythonhosted.org/packages/a1/d4/1fc4078c65507b51b96ca8f8c3ba19e6a61c8253c72794544580a7b6c24d/packaging-25.0.tar.gz", hash = "sha256:d443872c98d677bf60f6a1f2f8c1cb748e8fe762d2bf9d3148b5599295b0fc4f", size = 165727, upload-time = "2025-04-19T11:48:59.673Z" }
wheels = [
    { url = "https://files.pythonhosted.org/packages/20/12/38679034af332785aac8774540895e234f4d07f7545804097de4b666afd8/packaging-25.0-py3-none-any.whl", hash = "sha256:29572ef2b1f17581046b3a2227d5c611fb25ec70ca1ba8554b24b0e69331a484", size = 66469, upload-time = "2025-04-19T11:48:57.875Z" },
]

[[package]]
name = "pluggy"
version = "1.6.0"
source = { registry = "https://pypi.org/simple" }
sdist = { url = "https://files.pythonhosted.org/packages/f9/e2/3e91f31a7d2b083fe6ef3fa267035b518369d9511ffab804f839851d2779/pluggy-1.6.0.tar.gz", hash = "sha256:7dcc130b76258d33b90f61b658791dede3486c3e6bfb003ee5c9bfb396dd22f3", size = 69412, upload-time = "2025-05-15T12:30:07.975Z" }
wheels = [
    { url = "https://files.pythonhosted.org/packages/54/20/4d324d65cc6d9205fabedc306948156824eb9f0ee1633355a8f7ec5c66bf/pluggy-1.6.0-py3-none-any.whl", hash = "sha256:e920276dd6813095e9377c0bc5566d94c932c33b27a3e3945d8389c374dd4746", size = 20538, upload-time = "2025-05-15T12:30:06.134Z" },
]

[[package]]
name = "pygments"
version = "2.19.2"
source = { registry = "https://pypi.org/simple" }
sdist = { url = "https://files.pythonhosted.org/packages/b0/77/a5b8c569bf593b0140bde72ea885a803b82086995367bf2037de0159d924/pygments-2.19.2.tar.gz", hash = "sha256:636cb2477cec7f8952536970bc533bc43743542f70392ae026374600add5b887", size = 4968631, upload-time = "2025-06-21T13:39:12.283Z" }
wheels = [
    { url = "https://files.pythonhosted.org/packages/c7/21/705964c7812476f378728bdf590ca4b771ec72385c533964653c68e86bdc/pygments-2.19.2-py3-none-any.whl", hash = "sha256:86540386c03d588bb81d44bc3928634ff26449851e99741617ecb9037ee5ec0b", size = 1225217, upload-time = "2025-06-21T13:39:07.939Z" },
]

[[package]]
name = "pytest"
version = "8.4.2"
source = { registry = "https://pypi.org/simple" }
dependencies = [
    { name = "colorama", marker = "sys_platform == 'win32'" },
    { name = "iniconfig" },
    { name = "packaging" },
    { name = "pluggy" },
    { name = "pygments" },
]
sdist = { url = "https://files.pythonhosted.org/packages/a3/5c/00a0e072241553e1a7496d638deababa67c5058571567b92a7eaa258397c/pytest-8.4.2.tar.gz", hash = "sha256:86c0d0b93306b961d58d62a4db4879f27fe25513d4b969df351abdddb3c30e01", size = 1519618, upload-time = "2025-09-04T14:34:22.711Z" }
wheels = [
    { url = "https://files.pythonhosted.org/packages/a8/a4/20da314d277121d6534b3a980b29035dcd51e6744bd79075a6ce8fa4eb8d/pytest-8.4.2-py3-none-any.whl", hash = "sha256:872f880de3fc3a5bdc88a11b39c9710c3497a547cfa9320bc3c5e62fbf272e79", size = 365750, upload-time = "2025-09-04T14:34:20.226Z" },
]

[[package]]
name = "pytest-cov"
version = "7.0.0"
source = { registry = "https://pypi.org/simple" }
dependencies = [
    { name = "coverage", extra = ["toml"] },
    { name = "pluggy" },
    { name = "pytest" },
]
sdist = { url = "https://files.pythonhosted.org/packages/5e/f7/c933acc76f5208b3b00089573cf6a2bc26dc80a8aece8f52bb7d6b1855ca/pytest_cov-7.0.0.tar.gz", hash = "sha256:33c97eda2e049a0c5298e91f519302a1334c26ac65c1a483d6206fd458361af1", size = 54328, upload-time = "2025-09-09T10:57:02.113Z" }
wheels = [
    { url = "https://files.pythonhosted.org/packages/ee/49/1377b49de7d0c1ce41292161ea0f721913fa8722c19fb9c1e3aa0367eecb/pytest_cov-7.0.0-py3-none-any.whl", hash = "sha256:3b8e9558b16cc1479da72058bdecf8073661c7f57f7d3c5f22a1c23507f2d861", size = 22424, upload-time = "2025-09-09T10:57:00.695Z" },
]

[[package]]
name = "pytest-env"
version = "1.1.5"
source = { registry = "https://pypi.org/simple" }
dependencies = [
    { name = "pytest" },
]
sdist = { url = "https://files.pythonhosted.org/packages/1f/31/27f28431a16b83cab7a636dce59cf397517807d247caa38ee67d65e71ef8/pytest_env-1.1.5.tar.gz", hash = "sha256:91209840aa0e43385073ac464a554ad2947cc2fd663a9debf88d03b01e0cc1cf", size = 8911, upload-time = "2024-09-17T22:39:18.566Z" }
wheels = [
    { url = "https://files.pythonhosted.org/packages/de/b8/87cfb16045c9d4092cfcf526135d73b88101aac83bc1adcf82dfb5fd3833/pytest_env-1.1.5-py3-none-any.whl", hash = "sha256:ce90cf8772878515c24b31cd97c7fa1f4481cd68d588419fd45f10ecaee6bc30", size = 6141, upload-time = "2024-09-17T22:39:16.942Z" },
]

[[package]]
name = "pytest-mock"
version = "3.15.1"
source = { registry = "https://pypi.org/simple" }
dependencies = [
    { name = "pytest" },
]
sdist = { url = "https://files.pythonhosted.org/packages/68/14/eb014d26be205d38ad5ad20d9a80f7d201472e08167f0bb4361e251084a9/pytest_mock-3.15.1.tar.gz", hash = "sha256:1849a238f6f396da19762269de72cb1814ab44416fa73a8686deac10b0d87a0f", size = 34036, upload-time = "2025-09-16T16:37:27.081Z" }
wheels = [
    { url = "https://files.pythonhosted.org/packages/5a/cc/06253936f4a7fa2e0f48dfe6d851d9c56df896a9ab09ac019d70b760619c/pytest_mock-3.15.1-py3-none-any.whl", hash = "sha256:0a25e2eb88fe5168d535041d09a4529a188176ae608a6d249ee65abc0949630d", size = 10095, upload-time = "2025-09-16T16:37:25.734Z" },
]

[[package]]
name = "python-dateutil"
version = "2.9.0.post0"
source = { registry = "https://pypi.org/simple" }
dependencies = [
    { name = "six" },
]
sdist = { url = "https://files.pythonhosted.org/packages/66/c0/0c8b6ad9f17a802ee498c46e004a0eb49bc148f2fd230864601a86dcf6db/python-dateutil-2.9.0.post0.tar.gz", hash = "sha256:37dd54208da7e1cd875388217d5e00ebd4179249f90fb72437e91a35459a0ad3", size = 342432, upload-time = "2024-03-01T18:36:20.211Z" }
wheels = [
    { url = "https://files.pythonhosted.org/packages/ec/57/56b9bcc3c9c6a792fcbaf139543cee77261f3651ca9da0c93f5c1221264b/python_dateutil-2.9.0.post0-py2.py3-none-any.whl", hash = "sha256:a8b2bc7bffae282281c8140a97d3aa9c14da0b136dfe83f850eea9a5f7470427", size = 229892, upload-time = "2024-03-01T18:36:18.57Z" },
]

[[package]]
name = "quilt-shared"
version = "0.1.0"
source = { url = "https://github.com/quiltdata/quilt/archive/e490dced1243871997de163302b8b0df9a567816.zip", subdirectory = "py-shared" }
sdist = { hash = "sha256:52fc3b11d46349aa9b11365e2c414169ee1f415f651ec8536cd2df8d40f3010f" }

[package.optional-dependencies]
boto = [
    { name = "boto3" },
    { name = "boto3-stubs", extra = ["athena", "s3", "sts"] },
    { name = "types-aiobotocore", extra = ["s3"] },
]

[package.metadata]
requires-dist = [
    { name = "aws-requests-auth", marker = "extra == 'es'", specifier = "~=0.4.2" },
    { name = "boto3", marker = "extra == 'boto'", specifier = "~=1.34" },
    { name = "boto3-stubs", extras = ["athena", "s3", "sts"], marker = "extra == 'boto'", specifier = "~=1.34" },
    { name = "elasticsearch", marker = "extra == 'es'", specifier = "~=6.8" },
    { name = "orjson", marker = "extra == 'es'", specifier = "~=3.10" },
    { name = "pydantic", marker = "extra == 'pydantic'", specifier = "~=2.10" },
    { name = "quilt3", marker = "extra == 'quilt'", specifier = "~=5.4" },
    { name = "types-aiobotocore", extras = ["s3"], marker = "extra == 'boto'", specifier = "~=2.11" },
    { name = "typing-extensions", marker = "extra == 'pydantic'", specifier = "~=4.9" },
]
provides-extras = ["pydantic", "boto", "quilt", "es"]

[[package]]
name = "s3transfer"
version = "0.14.0"
source = { registry = "https://pypi.org/simple" }
dependencies = [
    { name = "botocore" },
]
sdist = { url = "https://files.pythonhosted.org/packages/62/74/8d69dcb7a9efe8baa2046891735e5dfe433ad558ae23d9e3c14c633d1d58/s3transfer-0.14.0.tar.gz", hash = "sha256:eff12264e7c8b4985074ccce27a3b38a485bb7f7422cc8046fee9be4983e4125", size = 151547, upload-time = "2025-09-09T19:23:31.089Z" }
wheels = [
    { url = "https://files.pythonhosted.org/packages/48/f0/ae7ca09223a81a1d890b2557186ea015f6e0502e9b8cb8e1813f1d8cfa4e/s3transfer-0.14.0-py3-none-any.whl", hash = "sha256:ea3b790c7077558ed1f02a3072fb3cb992bbbd253392f4b6e9e8976941c7d456", size = 85712, upload-time = "2025-09-09T19:23:30.041Z" },
]

[[package]]
name = "six"
version = "1.17.0"
source = { registry = "https://pypi.org/simple" }
sdist = { url = "https://files.pythonhosted.org/packages/94/e7/b2c673351809dca68a0e064b6af791aa332cf192da575fd474ed7d6f16a2/six-1.17.0.tar.gz", hash = "sha256:ff70335d468e7eb6ec65b95b99d3a2836546063f63acc5171de367e834932a81", size = 34031, upload-time = "2024-12-04T17:35:28.174Z" }
wheels = [
    { url = "https://files.pythonhosted.org/packages/b7/ce/149a00dd41f10bc29e5921b496af8b574d8413afcd5e30dfa0ed46c2cc5e/six-1.17.0-py2.py3-none-any.whl", hash = "sha256:4721f391ed90541fddacab5acf947aa0d3dc7d27b2e1e8eda2be8970586c3274", size = 11050, upload-time = "2024-12-04T17:35:26.475Z" },
]

[[package]]
name = "t4-lambda-iceberg"
version = "0.1.0"
source = { editable = "." }
dependencies = [
    { name = "boto3" },
    { name = "quilt-shared", extra = ["boto"] },
]

[package.dev-dependencies]
test = [
    { name = "coverage" },
    { name = "pytest" },
    { name = "pytest-cov" },
    { name = "pytest-env" },
    { name = "pytest-mock" },
]

[package.metadata]
requires-dist = [
    { name = "boto3", specifier = ">=1.40.41,<2.0.0" },
    { name = "quilt-shared", extras = ["boto"], url = "https://github.com/quiltdata/quilt/archive/e490dced1243871997de163302b8b0df9a567816.zip", subdirectory = "py-shared" },
]

[package.metadata.requires-dev]
test = [
    { name = "coverage", specifier = "~=7.10" },
    { name = "pytest", specifier = "~=8.4" },
    { name = "pytest-cov", specifier = "~=7.0" },
    { name = "pytest-env", specifier = "~=1.1" },
    { name = "pytest-mock", specifier = "~=3.15" },
]

[[package]]
name = "tomli"
version = "2.2.1"
source = { registry = "https://pypi.org/simple" }
sdist = { url = "https://files.pythonhosted.org/packages/18/87/302344fed471e44a87289cf4967697d07e532f2421fdaf868a303cbae4ff/tomli-2.2.1.tar.gz", hash = "sha256:cd45e1dc79c835ce60f7404ec8119f2eb06d38b1deba146f07ced3bbc44505ff", size = 17175, upload-time = "2024-11-27T22:38:36.873Z" }
wheels = [
    { url = "https://files.pythonhosted.org/packages/43/ca/75707e6efa2b37c77dadb324ae7d9571cb424e61ea73fad7c56c2d14527f/tomli-2.2.1-cp311-cp311-macosx_10_9_x86_64.whl", hash = "sha256:678e4fa69e4575eb77d103de3df8a895e1591b48e740211bd1067378c69e8249", size = 131077, upload-time = "2024-11-27T22:37:54.956Z" },
    { url = "https://files.pythonhosted.org/packages/c7/16/51ae563a8615d472fdbffc43a3f3d46588c264ac4f024f63f01283becfbb/tomli-2.2.1-cp311-cp311-macosx_11_0_arm64.whl", hash = "sha256:023aa114dd824ade0100497eb2318602af309e5a55595f76b626d6d9f3b7b0a6", size = 123429, upload-time = "2024-11-27T22:37:56.698Z" },
    { url = "https://files.pythonhosted.org/packages/f1/dd/4f6cd1e7b160041db83c694abc78e100473c15d54620083dbd5aae7b990e/tomli-2.2.1-cp311-cp311-manylinux_2_17_aarch64.manylinux2014_aarch64.whl", hash = "sha256:ece47d672db52ac607a3d9599a9d48dcb2f2f735c6c2d1f34130085bb12b112a", size = 226067, upload-time = "2024-11-27T22:37:57.63Z" },
    { url = "https://files.pythonhosted.org/packages/a9/6b/c54ede5dc70d648cc6361eaf429304b02f2871a345bbdd51e993d6cdf550/tomli-2.2.1-cp311-cp311-manylinux_2_17_x86_64.manylinux2014_x86_64.whl", hash = "sha256:6972ca9c9cc9f0acaa56a8ca1ff51e7af152a9f87fb64623e31d5c83700080ee", size = 236030, upload-time = "2024-11-27T22:37:59.344Z" },
    { url = "https://files.pythonhosted.org/packages/1f/47/999514fa49cfaf7a92c805a86c3c43f4215621855d151b61c602abb38091/tomli-2.2.1-cp311-cp311-manylinux_2_5_i686.manylinux1_i686.manylinux_2_17_i686.manylinux2014_i686.whl", hash = "sha256:c954d2250168d28797dd4e3ac5cf812a406cd5a92674ee4c8f123c889786aa8e", size = 240898, upload-time = "2024-11-27T22:38:00.429Z" },
    { url = "https://files.pythonhosted.org/packages/73/41/0a01279a7ae09ee1573b423318e7934674ce06eb33f50936655071d81a24/tomli-2.2.1-cp311-cp311-musllinux_1_2_aarch64.whl", hash = "sha256:8dd28b3e155b80f4d54beb40a441d366adcfe740969820caf156c019fb5c7ec4", size = 229894, upload-time = "2024-11-27T22:38:02.094Z" },
    { url = "https://files.pythonhosted.org/packages/55/18/5d8bc5b0a0362311ce4d18830a5d28943667599a60d20118074ea1b01bb7/tomli-2.2.1-cp311-cp311-musllinux_1_2_i686.whl", hash = "sha256:e59e304978767a54663af13c07b3d1af22ddee3bb2fb0618ca1593e4f593a106", size = 245319, upload-time = "2024-11-27T22:38:03.206Z" },
    { url = "https://files.pythonhosted.org/packages/92/a3/7ade0576d17f3cdf5ff44d61390d4b3febb8a9fc2b480c75c47ea048c646/tomli-2.2.1-cp311-cp311-musllinux_1_2_x86_64.whl", hash = "sha256:33580bccab0338d00994d7f16f4c4ec25b776af3ffaac1ed74e0b3fc95e885a8", size = 238273, upload-time = "2024-11-27T22:38:04.217Z" },
    { url = "https://files.pythonhosted.org/packages/72/6f/fa64ef058ac1446a1e51110c375339b3ec6be245af9d14c87c4a6412dd32/tomli-2.2.1-cp311-cp311-win32.whl", hash = "sha256:465af0e0875402f1d226519c9904f37254b3045fc5084697cefb9bdde1ff99ff", size = 98310, upload-time = "2024-11-27T22:38:05.908Z" },
    { url = "https://files.pythonhosted.org/packages/6a/1c/4a2dcde4a51b81be3530565e92eda625d94dafb46dbeb15069df4caffc34/tomli-2.2.1-cp311-cp311-win_amd64.whl", hash = "sha256:2d0f2fdd22b02c6d81637a3c95f8cd77f995846af7414c5c4b8d0545afa1bc4b", size = 108309, upload-time = "2024-11-27T22:38:06.812Z" },
    { url = "https://files.pythonhosted.org/packages/6e/c2/61d3e0f47e2b74ef40a68b9e6ad5984f6241a942f7cd3bbfbdbd03861ea9/tomli-2.2.1-py3-none-any.whl", hash = "sha256:cb55c73c5f4408779d0cf3eef9f762b9c9f147a77de7b258bef0a5628adc85cc", size = 14257, upload-time = "2024-11-27T22:38:35.385Z" },
]

[[package]]
name = "types-aiobotocore"
version = "2.24.2"
source = { registry = "https://pypi.org/simple" }
dependencies = [
    { name = "botocore-stubs" },
    { name = "typing-extensions" },
]
sdist = { url = "https://files.pythonhosted.org/packages/4d/b5/78bcb2a3e9c894178de71868d09e6295e703a06b730506f7dcc06c7042b3/types_aiobotocore-2.24.2.tar.gz", hash = "sha256:4d29ae0e848f20acebfcd229cdabecae3e1c13f13d9fcc9e9873254461413b1c", size = 87329, upload-time = "2025-09-06T01:52:22.538Z" }
wheels = [
    { url = "https://files.pythonhosted.org/packages/e8/23/1ff16d8db24e23f5c4d77dc4e3a2b8bfa6946644daf8ccbd4d2836b03175/types_aiobotocore-2.24.2-py3-none-any.whl", hash = "sha256:f5575dd692280a14788deb42c6dbcb0bea82c3223f02711c3437cda88f284238", size = 54460, upload-time = "2025-09-06T01:52:15.993Z" },
]

[package.optional-dependencies]
s3 = [
    { name = "types-aiobotocore-s3" },
]

[[package]]
name = "types-aiobotocore-s3"
version = "2.24.2"
source = { registry = "https://pypi.org/simple" }
dependencies = [
    { name = "typing-extensions" },
]
sdist = { url = "https://files.pythonhosted.org/packages/16/f7/278bd63254f296a8fef102a9e3b6281ad02b1e8a4bb702e21c5e201d9f50/types_aiobotocore_s3-2.24.2.tar.gz", hash = "sha256:7274bcca558385ef5f98037f5474f4583663634141d46d9d978ab7d37ca96324", size = 76388, upload-time = "2025-09-06T01:36:47.406Z" }
wheels = [
    { url = "https://files.pythonhosted.org/packages/6d/10/4e09f98ba4d7c422ffd1b7291c8556fa66af0cabba4694e91fb6be077c47/types_aiobotocore_s3-2.24.2-py3-none-any.whl", hash = "sha256:b5541e994f9c5f41d551570be8788d4189fb55759f8f7d15a2893b29eae3114f", size = 83875, upload-time = "2025-09-06T01:36:45.804Z" },
]

[[package]]
name = "types-awscrt"
version = "0.27.6"
source = { registry = "https://pypi.org/simple" }
sdist = { url = "https://files.pythonhosted.org/packages/56/ce/5d84526a39f44c420ce61b16654193f8437d74b54f21597ea2ac65d89954/types_awscrt-0.27.6.tar.gz", hash = "sha256:9d3f1865a93b8b2c32f137514ac88cb048b5bc438739945ba19d972698995bfb", size = 16937, upload-time = "2025-08-13T01:54:54.659Z" }
wheels = [
    { url = "https://files.pythonhosted.org/packages/ac/af/e3d20e3e81d235b3964846adf46a334645a8a9b25a0d3d472743eb079552/types_awscrt-0.27.6-py3-none-any.whl", hash = "sha256:18aced46da00a57f02eb97637a32e5894dc5aa3dc6a905ba3e5ed85b9f3c526b", size = 39626, upload-time = "2025-08-13T01:54:53.454Z" },
]

[[package]]
name = "types-s3transfer"
version = "0.13.1"
source = { registry = "https://pypi.org/simple" }
sdist = { url = "https://files.pythonhosted.org/packages/a5/c5/23946fac96c9dd5815ec97afd1c8ad6d22efa76c04a79a4823f2f67692a5/types_s3transfer-0.13.1.tar.gz", hash = "sha256:ce488d79fdd7d3b9d39071939121eca814ec65de3aa36bdce1f9189c0a61cc80", size = 14181, upload-time = "2025-08-31T16:57:06.93Z" }
wheels = [
    { url = "https://files.pythonhosted.org/packages/8e/dc/b3f9b5c93eed6ffe768f4972661250584d5e4f248b548029026964373bcd/types_s3transfer-0.13.1-py3-none-any.whl", hash = "sha256:4ff730e464a3fd3785b5541f0f555c1bd02ad408cf82b6b7a95429f6b0d26b4a", size = 19617, upload-time = "2025-08-31T16:57:05.73Z" },
]

[[package]]
name = "typing-extensions"
version = "4.15.0"
source = { registry = "https://pypi.org/simple" }
sdist = { url = "https://files.pythonhosted.org/packages/72/94/1a15dd82efb362ac84269196e94cf00f187f7ed21c242792a923cdb1c61f/typing_extensions-4.15.0.tar.gz", hash = "sha256:0cea48d173cc12fa28ecabc3b837ea3cf6f38c6d1136f85cbaaf598984861466", size = 109391, upload-time = "2025-08-25T13:49:26.313Z" }
wheels = [
    { url = "https://files.pythonhosted.org/packages/18/67/36e9267722cc04a6b9f15c7f3441c2363321a3ea07da7ae0c0707beb2a9c/typing_extensions-4.15.0-py3-none-any.whl", hash = "sha256:f0fa19c6845758ab08074a0cfa8b7aecb71c999ca73d62883bc25cc018c4e548", size = 44614, upload-time = "2025-08-25T13:49:24.86Z" },
]

[[package]]
name = "urllib3"
version = "2.5.0"
source = { registry = "https://pypi.org/simple" }
sdist = { url = "https://files.pythonhosted.org/packages/15/22/9ee70a2574a4f4599c47dd506532914ce044817c7752a79b6a51286319bc/urllib3-2.5.0.tar.gz", hash = "sha256:3fc47733c7e419d4bc3f6b3dc2b4f890bb743906a30d56ba4a5bfa4bbff92760", size = 393185, upload-time = "2025-06-18T14:07:41.644Z" }
wheels = [
    { url = "https://files.pythonhosted.org/packages/a7/c2/fe1e52489ae3122415c51f387e221dd0773709bad6c6cdaa599e8a2c5185/urllib3-2.5.0-py3-none-any.whl", hash = "sha256:e6b01673c0fa6a13e374b50871808eb3bf7046c4b125b216f6bf1cc604cff0dc", size = 129795, upload-time = "2025-06-18T14:07:40.39Z" },
]
