version = 1
revision = 3
requires-python = ">=3.13"

[[package]]
name = "boto3"
version = "1.40.41"
source = { registry = "https://pypi.org/simple" }
dependencies = [
    { name = "botocore" },
    { name = "jmespath" },
    { name = "s3transfer" },
]
sdist = { url = "https://files.pythonhosted.org/packages/52/f7/d652732fd8fc28f427f3e698e488b7422ede535fe4d813c7988642c7734b/boto3-1.40.41.tar.gz", hash = "sha256:2ea2463fc42812f3cab66b53114579b1f4b9a378ee48921d4385511a94307b24", size = 111621, upload-time = "2025-09-29T19:21:14.928Z" }
wheels = [
    { url = "https://files.pythonhosted.org/packages/45/a8/d5c924e3dfce8804ff7119c1e84f423414851a82d30d744e81f4b61ddbff/boto3-1.40.41-py3-none-any.whl", hash = "sha256:02eac942aaa9f3a1c8a11f77e6f971b41c125973888f80f3eb177c2f21ad7a01", size = 139342, upload-time = "2025-09-29T19:21:12.728Z" },
]

[[package]]
name = "botocore"
version = "1.40.41"
source = { registry = "https://pypi.org/simple" }
dependencies = [
    { name = "jmespath" },
    { name = "python-dateutil" },
    { name = "urllib3" },
]
sdist = { url = "https://files.pythonhosted.org/packages/c8/55/fa23104e4352f28a457c452a3621b00fe2a7a1e096d04e2f4a9890250448/botocore-1.40.41.tar.gz", hash = "sha256:320873c6a34bfd64fb9bbc55e8ac38e7904a574cfc634d1f0f66b1490c62b89d", size = 14365601, upload-time = "2025-09-29T19:21:03.667Z" }
wheels = [
    { url = "https://files.pythonhosted.org/packages/c3/d2/1b5bc59c746413d3eca16bd659b8c00cf2d4eeb6274053d1ff3110d13670/botocore-1.40.41-py3-none-any.whl", hash = "sha256:8246bf73a2e20647cf1d4dae1e9a7c40f97f38a34a6a1fbfd49aa6b3dce5ffaa", size = 14034516, upload-time = "2025-09-29T19:20:59.792Z" },
]

[[package]]
name = "colorama"
version = "0.4.6"
source = { registry = "https://pypi.org/simple" }
sdist = { url = "https://files.pythonhosted.org/packages/d8/53/6f443c9a4a8358a93a6792e2acffb9d9d5cb0a5cfd8802644b7b1c9a02e4/colorama-0.4.6.tar.gz", hash = "sha256:08695f5cb7ed6e0531a20572697297273c47b8cae5a63ffc6d6ed5c201be6e44", size = 27697, upload-time = "2022-10-25T02:36:22.414Z" }
wheels = [
    { url = "https://files.pythonhosted.org/packages/d1/d6/3965ed04c63042e047cb6a3e6ed1a63a35087b6a609aa3a15ed8ac56c221/colorama-0.4.6-py2.py3-none-any.whl", hash = "sha256:4f1d9991f5acc0ca119f9d443620b77f9d6b33703e51011c16baf57afb285fc6", size = 25335, upload-time = "2022-10-25T02:36:20.889Z" },
]

[[package]]
name = "coverage"
version = "7.10.7"
source = { registry = "https://pypi.org/simple" }
sdist = { url = "https://files.pythonhosted.org/packages/51/26/d22c300112504f5f9a9fd2297ce33c35f3d353e4aeb987c8419453b2a7c2/coverage-7.10.7.tar.gz", hash = "sha256:f4ab143ab113be368a3e9b795f9cd7906c5ef407d6173fe9675a902e1fffc239", size = 827704, upload-time = "2025-09-21T20:03:56.815Z" }
wheels = [
    { url = "https://files.pythonhosted.org/packages/9a/94/b765c1abcb613d103b64fcf10395f54d69b0ef8be6a0dd9c524384892cc7/coverage-7.10.7-cp313-cp313-macosx_10_13_x86_64.whl", hash = "sha256:981a651f543f2854abd3b5fcb3263aac581b18209be49863ba575de6edf4c14d", size = 218320, upload-time = "2025-09-21T20:01:56.629Z" },
    { url = "https://files.pythonhosted.org/packages/72/4f/732fff31c119bb73b35236dd333030f32c4bfe909f445b423e6c7594f9a2/coverage-7.10.7-cp313-cp313-macosx_11_0_arm64.whl", hash = "sha256:73ab1601f84dc804f7812dc297e93cd99381162da39c47040a827d4e8dafe63b", size = 218575, upload-time = "2025-09-21T20:01:58.203Z" },
    { url = "https://files.pythonhosted.org/packages/87/02/ae7e0af4b674be47566707777db1aa375474f02a1d64b9323e5813a6cdd5/coverage-7.10.7-cp313-cp313-manylinux1_i686.manylinux_2_28_i686.manylinux_2_5_i686.whl", hash = "sha256:a8b6f03672aa6734e700bbcd65ff050fd19cddfec4b031cc8cf1c6967de5a68e", size = 249568, upload-time = "2025-09-21T20:01:59.748Z" },
    { url = "https://files.pythonhosted.org/packages/a2/77/8c6d22bf61921a59bce5471c2f1f7ac30cd4ac50aadde72b8c48d5727902/coverage-7.10.7-cp313-cp313-manylinux1_x86_64.manylinux_2_28_x86_64.manylinux_2_5_x86_64.whl", hash = "sha256:10b6ba00ab1132a0ce4428ff68cf50a25efd6840a42cdf4239c9b99aad83be8b", size = 252174, upload-time = "2025-09-21T20:02:01.192Z" },
    { url = "https://files.pythonhosted.org/packages/b1/20/b6ea4f69bbb52dac0aebd62157ba6a9dddbfe664f5af8122dac296c3ee15/coverage-7.10.7-cp313-cp313-manylinux2014_aarch64.manylinux_2_17_aarch64.manylinux_2_28_aarch64.whl", hash = "sha256:c79124f70465a150e89340de5963f936ee97097d2ef76c869708c4248c63ca49", size = 253447, upload-time = "2025-09-21T20:02:02.701Z" },
    { url = "https://files.pythonhosted.org/packages/f9/28/4831523ba483a7f90f7b259d2018fef02cb4d5b90bc7c1505d6e5a84883c/coverage-7.10.7-cp313-cp313-manylinux_2_31_riscv64.manylinux_2_39_riscv64.whl", hash = "sha256:69212fbccdbd5b0e39eac4067e20a4a5256609e209547d86f740d68ad4f04911", size = 249779, upload-time = "2025-09-21T20:02:04.185Z" },
    { url = "https://files.pythonhosted.org/packages/a7/9f/4331142bc98c10ca6436d2d620c3e165f31e6c58d43479985afce6f3191c/coverage-7.10.7-cp313-cp313-musllinux_1_2_aarch64.whl", hash = "sha256:7ea7c6c9d0d286d04ed3541747e6597cbe4971f22648b68248f7ddcd329207f0", size = 251604, upload-time = "2025-09-21T20:02:06.034Z" },
    { url = "https://files.pythonhosted.org/packages/ce/60/bda83b96602036b77ecf34e6393a3836365481b69f7ed7079ab85048202b/coverage-7.10.7-cp313-cp313-musllinux_1_2_i686.whl", hash = "sha256:b9be91986841a75042b3e3243d0b3cb0b2434252b977baaf0cd56e960fe1e46f", size = 249497, upload-time = "2025-09-21T20:02:07.619Z" },
    { url = "https://files.pythonhosted.org/packages/5f/af/152633ff35b2af63977edd835d8e6430f0caef27d171edf2fc76c270ef31/coverage-7.10.7-cp313-cp313-musllinux_1_2_riscv64.whl", hash = "sha256:b281d5eca50189325cfe1f365fafade89b14b4a78d9b40b05ddd1fc7d2a10a9c", size = 249350, upload-time = "2025-09-21T20:02:10.34Z" },
    { url = "https://files.pythonhosted.org/packages/9d/71/d92105d122bd21cebba877228990e1646d862e34a98bb3374d3fece5a794/coverage-7.10.7-cp313-cp313-musllinux_1_2_x86_64.whl", hash = "sha256:99e4aa63097ab1118e75a848a28e40d68b08a5e19ce587891ab7fd04475e780f", size = 251111, upload-time = "2025-09-21T20:02:12.122Z" },
    { url = "https://files.pythonhosted.org/packages/a2/9e/9fdb08f4bf476c912f0c3ca292e019aab6712c93c9344a1653986c3fd305/coverage-7.10.7-cp313-cp313-win32.whl", hash = "sha256:dc7c389dce432500273eaf48f410b37886be9208b2dd5710aaf7c57fd442c698", size = 220746, upload-time = "2025-09-21T20:02:13.919Z" },
    { url = "https://files.pythonhosted.org/packages/b1/b1/a75fd25df44eab52d1931e89980d1ada46824c7a3210be0d3c88a44aaa99/coverage-7.10.7-cp313-cp313-win_amd64.whl", hash = "sha256:cac0fdca17b036af3881a9d2729a850b76553f3f716ccb0360ad4dbc06b3b843", size = 221541, upload-time = "2025-09-21T20:02:15.57Z" },
    { url = "https://files.pythonhosted.org/packages/14/3a/d720d7c989562a6e9a14b2c9f5f2876bdb38e9367126d118495b89c99c37/coverage-7.10.7-cp313-cp313-win_arm64.whl", hash = "sha256:4b6f236edf6e2f9ae8fcd1332da4e791c1b6ba0dc16a2dc94590ceccb482e546", size = 220170, upload-time = "2025-09-21T20:02:17.395Z" },
    { url = "https://files.pythonhosted.org/packages/bb/22/e04514bf2a735d8b0add31d2b4ab636fc02370730787c576bb995390d2d5/coverage-7.10.7-cp313-cp313t-macosx_10_13_x86_64.whl", hash = "sha256:a0ec07fd264d0745ee396b666d47cef20875f4ff2375d7c4f58235886cc1ef0c", size = 219029, upload-time = "2025-09-21T20:02:18.936Z" },
    { url = "https://files.pythonhosted.org/packages/11/0b/91128e099035ece15da3445d9015e4b4153a6059403452d324cbb0a575fa/coverage-7.10.7-cp313-cp313t-macosx_11_0_arm64.whl", hash = "sha256:dd5e856ebb7bfb7672b0086846db5afb4567a7b9714b8a0ebafd211ec7ce6a15", size = 219259, upload-time = "2025-09-21T20:02:20.44Z" },
    { url = "https://files.pythonhosted.org/packages/8b/51/66420081e72801536a091a0c8f8c1f88a5c4bf7b9b1bdc6222c7afe6dc9b/coverage-7.10.7-cp313-cp313t-manylinux1_i686.manylinux_2_28_i686.manylinux_2_5_i686.whl", hash = "sha256:f57b2a3c8353d3e04acf75b3fed57ba41f5c0646bbf1d10c7c282291c97936b4", size = 260592, upload-time = "2025-09-21T20:02:22.313Z" },
    { url = "https://files.pythonhosted.org/packages/5d/22/9b8d458c2881b22df3db5bb3e7369e63d527d986decb6c11a591ba2364f7/coverage-7.10.7-cp313-cp313t-manylinux1_x86_64.manylinux_2_28_x86_64.manylinux_2_5_x86_64.whl", hash = "sha256:1ef2319dd15a0b009667301a3f84452a4dc6fddfd06b0c5c53ea472d3989fbf0", size = 262768, upload-time = "2025-09-21T20:02:24.287Z" },
    { url = "https://files.pythonhosted.org/packages/f7/08/16bee2c433e60913c610ea200b276e8eeef084b0d200bdcff69920bd5828/coverage-7.10.7-cp313-cp313t-manylinux2014_aarch64.manylinux_2_17_aarch64.manylinux_2_28_aarch64.whl", hash = "sha256:83082a57783239717ceb0ad584de3c69cf581b2a95ed6bf81ea66034f00401c0", size = 264995, upload-time = "2025-09-21T20:02:26.133Z" },
    { url = "https://files.pythonhosted.org/packages/20/9d/e53eb9771d154859b084b90201e5221bca7674ba449a17c101a5031d4054/coverage-7.10.7-cp313-cp313t-manylinux_2_31_riscv64.manylinux_2_39_riscv64.whl", hash = "sha256:50aa94fb1fb9a397eaa19c0d5ec15a5edd03a47bf1a3a6111a16b36e190cff65", size = 259546, upload-time = "2025-09-21T20:02:27.716Z" },
    { url = "https://files.pythonhosted.org/packages/ad/b0/69bc7050f8d4e56a89fb550a1577d5d0d1db2278106f6f626464067b3817/coverage-7.10.7-cp313-cp313t-musllinux_1_2_aarch64.whl", hash = "sha256:2120043f147bebb41c85b97ac45dd173595ff14f2a584f2963891cbcc3091541", size = 262544, upload-time = "2025-09-21T20:02:29.216Z" },
    { url = "https://files.pythonhosted.org/packages/ef/4b/2514b060dbd1bc0aaf23b852c14bb5818f244c664cb16517feff6bb3a5ab/coverage-7.10.7-cp313-cp313t-musllinux_1_2_i686.whl", hash = "sha256:2fafd773231dd0378fdba66d339f84904a8e57a262f583530f4f156ab83863e6", size = 260308, upload-time = "2025-09-21T20:02:31.226Z" },
    { url = "https://files.pythonhosted.org/packages/54/78/7ba2175007c246d75e496f64c06e94122bdb914790a1285d627a918bd271/coverage-7.10.7-cp313-cp313t-musllinux_1_2_riscv64.whl", hash = "sha256:0b944ee8459f515f28b851728ad224fa2d068f1513ef6b7ff1efafeb2185f999", size = 258920, upload-time = "2025-09-21T20:02:32.823Z" },
    { url = "https://files.pythonhosted.org/packages/c0/b3/fac9f7abbc841409b9a410309d73bfa6cfb2e51c3fada738cb607ce174f8/coverage-7.10.7-cp313-cp313t-musllinux_1_2_x86_64.whl", hash = "sha256:4b583b97ab2e3efe1b3e75248a9b333bd3f8b0b1b8e5b45578e05e5850dfb2c2", size = 261434, upload-time = "2025-09-21T20:02:34.86Z" },
    { url = "https://files.pythonhosted.org/packages/ee/51/a03bec00d37faaa891b3ff7387192cef20f01604e5283a5fabc95346befa/coverage-7.10.7-cp313-cp313t-win32.whl", hash = "sha256:2a78cd46550081a7909b3329e2266204d584866e8d97b898cd7fb5ac8d888b1a", size = 221403, upload-time = "2025-09-21T20:02:37.034Z" },
    { url = "https://files.pythonhosted.org/packages/53/22/3cf25d614e64bf6d8e59c7c669b20d6d940bb337bdee5900b9ca41c820bb/coverage-7.10.7-cp313-cp313t-win_amd64.whl", hash = "sha256:33a5e6396ab684cb43dc7befa386258acb2d7fae7f67330ebb85ba4ea27938eb", size = 222469, upload-time = "2025-09-21T20:02:39.011Z" },
    { url = "https://files.pythonhosted.org/packages/49/a1/00164f6d30d8a01c3c9c48418a7a5be394de5349b421b9ee019f380df2a0/coverage-7.10.7-cp313-cp313t-win_arm64.whl", hash = "sha256:86b0e7308289ddde73d863b7683f596d8d21c7d8664ce1dee061d0bcf3fbb4bb", size = 220731, upload-time = "2025-09-21T20:02:40.939Z" },
    { url = "https://files.pythonhosted.org/packages/23/9c/5844ab4ca6a4dd97a1850e030a15ec7d292b5c5cb93082979225126e35dd/coverage-7.10.7-cp314-cp314-macosx_10_13_x86_64.whl", hash = "sha256:b06f260b16ead11643a5a9f955bd4b5fd76c1a4c6796aeade8520095b75de520", size = 218302, upload-time = "2025-09-21T20:02:42.527Z" },
    { url = "https://files.pythonhosted.org/packages/f0/89/673f6514b0961d1f0e20ddc242e9342f6da21eaba3489901b565c0689f34/coverage-7.10.7-cp314-cp314-macosx_11_0_arm64.whl", hash = "sha256:212f8f2e0612778f09c55dd4872cb1f64a1f2b074393d139278ce902064d5b32", size = 218578, upload-time = "2025-09-21T20:02:44.468Z" },
    { url = "https://files.pythonhosted.org/packages/05/e8/261cae479e85232828fb17ad536765c88dd818c8470aca690b0ac6feeaa3/coverage-7.10.7-cp314-cp314-manylinux1_i686.manylinux_2_28_i686.manylinux_2_5_i686.whl", hash = "sha256:3445258bcded7d4aa630ab8296dea4d3f15a255588dd535f980c193ab6b95f3f", size = 249629, upload-time = "2025-09-21T20:02:46.503Z" },
    { url = "https://files.pythonhosted.org/packages/82/62/14ed6546d0207e6eda876434e3e8475a3e9adbe32110ce896c9e0c06bb9a/coverage-7.10.7-cp314-cp314-manylinux1_x86_64.manylinux_2_28_x86_64.manylinux_2_5_x86_64.whl", hash = "sha256:bb45474711ba385c46a0bfe696c695a929ae69ac636cda8f532be9e8c93d720a", size = 252162, upload-time = "2025-09-21T20:02:48.689Z" },
    { url = "https://files.pythonhosted.org/packages/ff/49/07f00db9ac6478e4358165a08fb41b469a1b053212e8a00cb02f0d27a05f/coverage-7.10.7-cp314-cp314-manylinux2014_aarch64.manylinux_2_17_aarch64.manylinux_2_28_aarch64.whl", hash = "sha256:813922f35bd800dca9994c5971883cbc0d291128a5de6b167c7aa697fcf59360", size = 253517, upload-time = "2025-09-21T20:02:50.31Z" },
    { url = "https://files.pythonhosted.org/packages/a2/59/c5201c62dbf165dfbc91460f6dbbaa85a8b82cfa6131ac45d6c1bfb52deb/coverage-7.10.7-cp314-cp314-manylinux_2_31_riscv64.manylinux_2_39_riscv64.whl", hash = "sha256:93c1b03552081b2a4423091d6fb3787265b8f86af404cff98d1b5342713bdd69", size = 249632, upload-time = "2025-09-21T20:02:51.971Z" },
    { url = "https://files.pythonhosted.org/packages/07/ae/5920097195291a51fb00b3a70b9bbd2edbfe3c84876a1762bd1ef1565ebc/coverage-7.10.7-cp314-cp314-musllinux_1_2_aarch64.whl", hash = "sha256:cc87dd1b6eaf0b848eebb1c86469b9f72a1891cb42ac7adcfbce75eadb13dd14", size = 251520, upload-time = "2025-09-21T20:02:53.858Z" },
    { url = "https://files.pythonhosted.org/packages/b9/3c/a815dde77a2981f5743a60b63df31cb322c944843e57dbd579326625a413/coverage-7.10.7-cp314-cp314-musllinux_1_2_i686.whl", hash = "sha256:39508ffda4f343c35f3236fe8d1a6634a51f4581226a1262769d7f970e73bffe", size = 249455, upload-time = "2025-09-21T20:02:55.807Z" },
    { url = "https://files.pythonhosted.org/packages/aa/99/f5cdd8421ea656abefb6c0ce92556709db2265c41e8f9fc6c8ae0f7824c9/coverage-7.10.7-cp314-cp314-musllinux_1_2_riscv64.whl", hash = "sha256:925a1edf3d810537c5a3abe78ec5530160c5f9a26b1f4270b40e62cc79304a1e", size = 249287, upload-time = "2025-09-21T20:02:57.784Z" },
    { url = "https://files.pythonhosted.org/packages/c3/7a/e9a2da6a1fc5d007dd51fca083a663ab930a8c4d149c087732a5dbaa0029/coverage-7.10.7-cp314-cp314-musllinux_1_2_x86_64.whl", hash = "sha256:2c8b9a0636f94c43cd3576811e05b89aa9bc2d0a85137affc544ae5cb0e4bfbd", size = 250946, upload-time = "2025-09-21T20:02:59.431Z" },
    { url = "https://files.pythonhosted.org/packages/ef/5b/0b5799aa30380a949005a353715095d6d1da81927d6dbed5def2200a4e25/coverage-7.10.7-cp314-cp314-win32.whl", hash = "sha256:b7b8288eb7cdd268b0304632da8cb0bb93fadcfec2fe5712f7b9cc8f4d487be2", size = 221009, upload-time = "2025-09-21T20:03:01.324Z" },
    { url = "https://files.pythonhosted.org/packages/da/b0/e802fbb6eb746de006490abc9bb554b708918b6774b722bb3a0e6aa1b7de/coverage-7.10.7-cp314-cp314-win_amd64.whl", hash = "sha256:1ca6db7c8807fb9e755d0379ccc39017ce0a84dcd26d14b5a03b78563776f681", size = 221804, upload-time = "2025-09-21T20:03:03.4Z" },
    { url = "https://files.pythonhosted.org/packages/9e/e8/71d0c8e374e31f39e3389bb0bd19e527d46f00ea8571ec7ec8fd261d8b44/coverage-7.10.7-cp314-cp314-win_arm64.whl", hash = "sha256:097c1591f5af4496226d5783d036bf6fd6cd0cbc132e071b33861de756efb880", size = 220384, upload-time = "2025-09-21T20:03:05.111Z" },
    { url = "https://files.pythonhosted.org/packages/62/09/9a5608d319fa3eba7a2019addeacb8c746fb50872b57a724c9f79f146969/coverage-7.10.7-cp314-cp314t-macosx_10_13_x86_64.whl", hash = "sha256:a62c6ef0d50e6de320c270ff91d9dd0a05e7250cac2a800b7784bae474506e63", size = 219047, upload-time = "2025-09-21T20:03:06.795Z" },
    { url = "https://files.pythonhosted.org/packages/f5/6f/f58d46f33db9f2e3647b2d0764704548c184e6f5e014bef528b7f979ef84/coverage-7.10.7-cp314-cp314t-macosx_11_0_arm64.whl", hash = "sha256:9fa6e4dd51fe15d8738708a973470f67a855ca50002294852e9571cdbd9433f2", size = 219266, upload-time = "2025-09-21T20:03:08.495Z" },
    { url = "https://files.pythonhosted.org/packages/74/5c/183ffc817ba68e0b443b8c934c8795553eb0c14573813415bd59941ee165/coverage-7.10.7-cp314-cp314t-manylinux1_i686.manylinux_2_28_i686.manylinux_2_5_i686.whl", hash = "sha256:8fb190658865565c549b6b4706856d6a7b09302c797eb2cf8e7fe9dabb043f0d", size = 260767, upload-time = "2025-09-21T20:03:10.172Z" },
    { url = "https://files.pythonhosted.org/packages/0f/48/71a8abe9c1ad7e97548835e3cc1adbf361e743e9d60310c5f75c9e7bf847/coverage-7.10.7-cp314-cp314t-manylinux1_x86_64.manylinux_2_28_x86_64.manylinux_2_5_x86_64.whl", hash = "sha256:affef7c76a9ef259187ef31599a9260330e0335a3011732c4b9effa01e1cd6e0", size = 262931, upload-time = "2025-09-21T20:03:11.861Z" },
    { url = "https://files.pythonhosted.org/packages/84/fd/193a8fb132acfc0a901f72020e54be5e48021e1575bb327d8ee1097a28fd/coverage-7.10.7-cp314-cp314t-manylinux2014_aarch64.manylinux_2_17_aarch64.manylinux_2_28_aarch64.whl", hash = "sha256:6e16e07d85ca0cf8bafe5f5d23a0b850064e8e945d5677492b06bbe6f09cc699", size = 265186, upload-time = "2025-09-21T20:03:13.539Z" },
    { url = "https://files.pythonhosted.org/packages/b1/8f/74ecc30607dd95ad50e3034221113ccb1c6d4e8085cc761134782995daae/coverage-7.10.7-cp314-cp314t-manylinux_2_31_riscv64.manylinux_2_39_riscv64.whl", hash = "sha256:03ffc58aacdf65d2a82bbeb1ffe4d01ead4017a21bfd0454983b88ca73af94b9", size = 259470, upload-time = "2025-09-21T20:03:15.584Z" },
    { url = "https://files.pythonhosted.org/packages/0f/55/79ff53a769f20d71b07023ea115c9167c0bb56f281320520cf64c5298a96/coverage-7.10.7-cp314-cp314t-musllinux_1_2_aarch64.whl", hash = "sha256:1b4fd784344d4e52647fd7857b2af5b3fbe6c239b0b5fa63e94eb67320770e0f", size = 262626, upload-time = "2025-09-21T20:03:17.673Z" },
    { url = "https://files.pythonhosted.org/packages/88/e2/dac66c140009b61ac3fc13af673a574b00c16efdf04f9b5c740703e953c0/coverage-7.10.7-cp314-cp314t-musllinux_1_2_i686.whl", hash = "sha256:0ebbaddb2c19b71912c6f2518e791aa8b9f054985a0769bdb3a53ebbc765c6a1", size = 260386, upload-time = "2025-09-21T20:03:19.36Z" },
    { url = "https://files.pythonhosted.org/packages/a2/f1/f48f645e3f33bb9ca8a496bc4a9671b52f2f353146233ebd7c1df6160440/coverage-7.10.7-cp314-cp314t-musllinux_1_2_riscv64.whl", hash = "sha256:a2d9a3b260cc1d1dbdb1c582e63ddcf5363426a1a68faa0f5da28d8ee3c722a0", size = 258852, upload-time = "2025-09-21T20:03:21.007Z" },
    { url = "https://files.pythonhosted.org/packages/bb/3b/8442618972c51a7affeead957995cfa8323c0c9bcf8fa5a027421f720ff4/coverage-7.10.7-cp314-cp314t-musllinux_1_2_x86_64.whl", hash = "sha256:a3cc8638b2480865eaa3926d192e64ce6c51e3d29c849e09d5b4ad95efae5399", size = 261534, upload-time = "2025-09-21T20:03:23.12Z" },
    { url = "https://files.pythonhosted.org/packages/b2/dc/101f3fa3a45146db0cb03f5b4376e24c0aac818309da23e2de0c75295a91/coverage-7.10.7-cp314-cp314t-win32.whl", hash = "sha256:67f8c5cbcd3deb7a60b3345dffc89a961a484ed0af1f6f73de91705cc6e31235", size = 221784, upload-time = "2025-09-21T20:03:24.769Z" },
    { url = "https://files.pythonhosted.org/packages/4c/a1/74c51803fc70a8a40d7346660379e144be772bab4ac7bb6e6b905152345c/coverage-7.10.7-cp314-cp314t-win_amd64.whl", hash = "sha256:e1ed71194ef6dea7ed2d5cb5f7243d4bcd334bfb63e59878519be558078f848d", size = 222905, upload-time = "2025-09-21T20:03:26.93Z" },
    { url = "https://files.pythonhosted.org/packages/12/65/f116a6d2127df30bcafbceef0302d8a64ba87488bf6f73a6d8eebf060873/coverage-7.10.7-cp314-cp314t-win_arm64.whl", hash = "sha256:7fe650342addd8524ca63d77b2362b02345e5f1a093266787d210c70a50b471a", size = 220922, upload-time = "2025-09-21T20:03:28.672Z" },
    { url = "https://files.pythonhosted.org/packages/ec/16/114df1c291c22cac3b0c127a73e0af5c12ed7bbb6558d310429a0ae24023/coverage-7.10.7-py3-none-any.whl", hash = "sha256:f7941f6f2fe6dd6807a1208737b8a0cbcf1cc6d7b07d24998ad2d63590868260", size = 209952, upload-time = "2025-09-21T20:03:53.918Z" },
]

[[package]]
name = "iceberg"
version = "0.1.0"
source = { editable = "." }
dependencies = [
    { name = "boto3" },
    { name = "quilt-shared" },
]

[package.dev-dependencies]
test = [
    { name = "pytest" },
    { name = "pytest-cov" },
    { name = "pytest-env" },
    { name = "pytest-mock" },
]

[package.metadata]
requires-dist = [
    { name = "boto3", specifier = ">=1.40.41,<2.0.0" },
    { name = "quilt-shared", url = "https://github.com/quiltdata/quilt/archive/df53c9ce125ea051e0d1ac41d58796336e202256.zip", subdirectory = "py-shared" },
]

[package.metadata.requires-dev]
test = [
    { name = "pytest", specifier = ">=8.4.2" },
    { name = "pytest-cov", specifier = ">=7.0.0" },
    { name = "pytest-env", specifier = ">=1.1.5" },
    { name = "pytest-mock", specifier = ">=3.15.1" },
]

[[package]]
name = "iniconfig"
version = "2.1.0"
source = { registry = "https://pypi.org/simple" }
sdist = { url = "https://files.pythonhosted.org/packages/f2/97/ebf4da567aa6827c909642694d71c9fcf53e5b504f2d96afea02718862f3/iniconfig-2.1.0.tar.gz", hash = "sha256:3abbd2e30b36733fee78f9c7f7308f2d0050e88f0087fd25c2645f63c773e1c7", size = 4793, upload-time = "2025-03-19T20:09:59.721Z" }
wheels = [
    { url = "https://files.pythonhosted.org/packages/2c/e1/e6716421ea10d38022b952c159d5161ca1193197fb744506875fbb87ea7b/iniconfig-2.1.0-py3-none-any.whl", hash = "sha256:9deba5723312380e77435581c6bf4935c94cbfab9b1ed33ef8d238ea168eb760", size = 6050, upload-time = "2025-03-19T20:10:01.071Z" },
]

[[package]]
name = "jmespath"
version = "1.0.1"
source = { registry = "https://pypi.org/simple" }
sdist = { url = "https://files.pythonhosted.org/packages/00/2a/e867e8531cf3e36b41201936b7fa7ba7b5702dbef42922193f05c8976cd6/jmespath-1.0.1.tar.gz", hash = "sha256:90261b206d6defd58fdd5e85f478bf633a2901798906be2ad389150c5c60edbe", size = 25843, upload-time = "2022-06-17T18:00:12.224Z" }
wheels = [
    { url = "https://files.pythonhosted.org/packages/31/b4/b9b800c45527aadd64d5b442f9b932b00648617eb5d63d2c7a6587b7cafc/jmespath-1.0.1-py3-none-any.whl", hash = "sha256:02e2e4cc71b5bcab88332eebf907519190dd9e6e82107fa7f83b1003a6252980", size = 20256, upload-time = "2022-06-17T18:00:10.251Z" },
]

[[package]]
name = "packaging"
version = "25.0"
source = { registry = "https://pypi.org/simple" }
sdist = { url = "https://files.pythonhosted.org/packages/a1/d4/1fc4078c65507b51b96ca8f8c3ba19e6a61c8253c72794544580a7b6c24d/packaging-25.0.tar.gz", hash = "sha256:d443872c98d677bf60f6a1f2f8c1cb748e8fe762d2bf9d3148b5599295b0fc4f", size = 165727, upload-time = "2025-04-19T11:48:59.673Z" }
wheels = [
    { url = "https://files.pythonhosted.org/packages/20/12/38679034af332785aac8774540895e234f4d07f7545804097de4b666afd8/packaging-25.0-py3-none-any.whl", hash = "sha256:29572ef2b1f17581046b3a2227d5c611fb25ec70ca1ba8554b24b0e69331a484", size = 66469, upload-time = "2025-04-19T11:48:57.875Z" },
]

[[package]]
name = "pluggy"
version = "1.6.0"
source = { registry = "https://pypi.org/simple" }
sdist = { url = "https://files.pythonhosted.org/packages/f9/e2/3e91f31a7d2b083fe6ef3fa267035b518369d9511ffab804f839851d2779/pluggy-1.6.0.tar.gz", hash = "sha256:7dcc130b76258d33b90f61b658791dede3486c3e6bfb003ee5c9bfb396dd22f3", size = 69412, upload-time = "2025-05-15T12:30:07.975Z" }
wheels = [
    { url = "https://files.pythonhosted.org/packages/54/20/4d324d65cc6d9205fabedc306948156824eb9f0ee1633355a8f7ec5c66bf/pluggy-1.6.0-py3-none-any.whl", hash = "sha256:e920276dd6813095e9377c0bc5566d94c932c33b27a3e3945d8389c374dd4746", size = 20538, upload-time = "2025-05-15T12:30:06.134Z" },
]

[[package]]
name = "pygments"
version = "2.19.2"
source = { registry = "https://pypi.org/simple" }
sdist = { url = "https://files.pythonhosted.org/packages/b0/77/a5b8c569bf593b0140bde72ea885a803b82086995367bf2037de0159d924/pygments-2.19.2.tar.gz", hash = "sha256:636cb2477cec7f8952536970bc533bc43743542f70392ae026374600add5b887", size = 4968631, upload-time = "2025-06-21T13:39:12.283Z" }
wheels = [
    { url = "https://files.pythonhosted.org/packages/c7/21/705964c7812476f378728bdf590ca4b771ec72385c533964653c68e86bdc/pygments-2.19.2-py3-none-any.whl", hash = "sha256:86540386c03d588bb81d44bc3928634ff26449851e99741617ecb9037ee5ec0b", size = 1225217, upload-time = "2025-06-21T13:39:07.939Z" },
]

[[package]]
name = "pytest"
version = "8.4.2"
source = { registry = "https://pypi.org/simple" }
dependencies = [
    { name = "colorama", marker = "sys_platform == 'win32'" },
    { name = "iniconfig" },
    { name = "packaging" },
    { name = "pluggy" },
    { name = "pygments" },
]
sdist = { url = "https://files.pythonhosted.org/packages/a3/5c/00a0e072241553e1a7496d638deababa67c5058571567b92a7eaa258397c/pytest-8.4.2.tar.gz", hash = "sha256:86c0d0b93306b961d58d62a4db4879f27fe25513d4b969df351abdddb3c30e01", size = 1519618, upload-time = "2025-09-04T14:34:22.711Z" }
wheels = [
    { url = "https://files.pythonhosted.org/packages/a8/a4/20da314d277121d6534b3a980b29035dcd51e6744bd79075a6ce8fa4eb8d/pytest-8.4.2-py3-none-any.whl", hash = "sha256:872f880de3fc3a5bdc88a11b39c9710c3497a547cfa9320bc3c5e62fbf272e79", size = 365750, upload-time = "2025-09-04T14:34:20.226Z" },
]

[[package]]
name = "pytest-cov"
version = "7.0.0"
source = { registry = "https://pypi.org/simple" }
dependencies = [
    { name = "coverage" },
    { name = "pluggy" },
    { name = "pytest" },
]
sdist = { url = "https://files.pythonhosted.org/packages/5e/f7/c933acc76f5208b3b00089573cf6a2bc26dc80a8aece8f52bb7d6b1855ca/pytest_cov-7.0.0.tar.gz", hash = "sha256:33c97eda2e049a0c5298e91f519302a1334c26ac65c1a483d6206fd458361af1", size = 54328, upload-time = "2025-09-09T10:57:02.113Z" }
wheels = [
    { url = "https://files.pythonhosted.org/packages/ee/49/1377b49de7d0c1ce41292161ea0f721913fa8722c19fb9c1e3aa0367eecb/pytest_cov-7.0.0-py3-none-any.whl", hash = "sha256:3b8e9558b16cc1479da72058bdecf8073661c7f57f7d3c5f22a1c23507f2d861", size = 22424, upload-time = "2025-09-09T10:57:00.695Z" },
]

[[package]]
name = "pytest-env"
version = "1.1.5"
source = { registry = "https://pypi.org/simple" }
dependencies = [
    { name = "pytest" },
]
sdist = { url = "https://files.pythonhosted.org/packages/1f/31/27f28431a16b83cab7a636dce59cf397517807d247caa38ee67d65e71ef8/pytest_env-1.1.5.tar.gz", hash = "sha256:91209840aa0e43385073ac464a554ad2947cc2fd663a9debf88d03b01e0cc1cf", size = 8911, upload-time = "2024-09-17T22:39:18.566Z" }
wheels = [
    { url = "https://files.pythonhosted.org/packages/de/b8/87cfb16045c9d4092cfcf526135d73b88101aac83bc1adcf82dfb5fd3833/pytest_env-1.1.5-py3-none-any.whl", hash = "sha256:ce90cf8772878515c24b31cd97c7fa1f4481cd68d588419fd45f10ecaee6bc30", size = 6141, upload-time = "2024-09-17T22:39:16.942Z" },
]

[[package]]
name = "pytest-mock"
version = "3.15.1"
source = { registry = "https://pypi.org/simple" }
dependencies = [
    { name = "pytest" },
]
sdist = { url = "https://files.pythonhosted.org/packages/68/14/eb014d26be205d38ad5ad20d9a80f7d201472e08167f0bb4361e251084a9/pytest_mock-3.15.1.tar.gz", hash = "sha256:1849a238f6f396da19762269de72cb1814ab44416fa73a8686deac10b0d87a0f", size = 34036, upload-time = "2025-09-16T16:37:27.081Z" }
wheels = [
    { url = "https://files.pythonhosted.org/packages/5a/cc/06253936f4a7fa2e0f48dfe6d851d9c56df896a9ab09ac019d70b760619c/pytest_mock-3.15.1-py3-none-any.whl", hash = "sha256:0a25e2eb88fe5168d535041d09a4529a188176ae608a6d249ee65abc0949630d", size = 10095, upload-time = "2025-09-16T16:37:25.734Z" },
]

[[package]]
name = "python-dateutil"
version = "2.9.0.post0"
source = { registry = "https://pypi.org/simple" }
dependencies = [
    { name = "six" },
]
sdist = { url = "https://files.pythonhosted.org/packages/66/c0/0c8b6ad9f17a802ee498c46e004a0eb49bc148f2fd230864601a86dcf6db/python-dateutil-2.9.0.post0.tar.gz", hash = "sha256:37dd54208da7e1cd875388217d5e00ebd4179249f90fb72437e91a35459a0ad3", size = 342432, upload-time = "2024-03-01T18:36:20.211Z" }
wheels = [
    { url = "https://files.pythonhosted.org/packages/ec/57/56b9bcc3c9c6a792fcbaf139543cee77261f3651ca9da0c93f5c1221264b/python_dateutil-2.9.0.post0-py2.py3-none-any.whl", hash = "sha256:a8b2bc7bffae282281c8140a97d3aa9c14da0b136dfe83f850eea9a5f7470427", size = 229892, upload-time = "2024-03-01T18:36:18.57Z" },
]

[[package]]
name = "quilt-shared"
version = "0.1.0"
source = { url = "https://github.com/quiltdata/quilt/archive/df53c9ce125ea051e0d1ac41d58796336e202256.zip", subdirectory = "py-shared" }
sdist = { hash = "sha256:6c67b4be3c9f521dc6e93b469ae220bd1a1ad53fc9e225fdd2e49bb965f8b509" }

[package.metadata]
requires-dist = [
    { name = "aws-requests-auth", marker = "extra == 'es'", specifier = "~=0.4.2" },
    { name = "black", marker = "extra == 'dev'", specifier = "~=24.1" },
    { name = "boto3", marker = "extra == 'boto'", specifier = "~=1.34" },
    { name = "boto3-stubs", extras = ["s3", "sts"], marker = "extra == 'boto'", specifier = "~=1.34" },
    { name = "elasticsearch", marker = "extra == 'es'", specifier = "~=6.8" },
    { name = "orjson", marker = "extra == 'es'", specifier = "~=3.10" },
    { name = "pydantic", marker = "extra == 'pydantic'", specifier = "~=2.10" },
    { name = "quilt3", marker = "extra == 'quilt'", specifier = "~=5.4" },
    { name = "types-aiobotocore", extras = ["s3"], marker = "extra == 'boto'", specifier = "~=2.11" },
    { name = "typing-extensions", marker = "extra == 'pydantic'", specifier = "~=4.9" },
]
provides-extras = ["pydantic", "boto", "quilt", "dev", "es"]

[[package]]
name = "s3transfer"
version = "0.14.0"
source = { registry = "https://pypi.org/simple" }
dependencies = [
    { name = "botocore" },
]
sdist = { url = "https://files.pythonhosted.org/packages/62/74/8d69dcb7a9efe8baa2046891735e5dfe433ad558ae23d9e3c14c633d1d58/s3transfer-0.14.0.tar.gz", hash = "sha256:eff12264e7c8b4985074ccce27a3b38a485bb7f7422cc8046fee9be4983e4125", size = 151547, upload-time = "2025-09-09T19:23:31.089Z" }
wheels = [
    { url = "https://files.pythonhosted.org/packages/48/f0/ae7ca09223a81a1d890b2557186ea015f6e0502e9b8cb8e1813f1d8cfa4e/s3transfer-0.14.0-py3-none-any.whl", hash = "sha256:ea3b790c7077558ed1f02a3072fb3cb992bbbd253392f4b6e9e8976941c7d456", size = 85712, upload-time = "2025-09-09T19:23:30.041Z" },
]

[[package]]
name = "six"
version = "1.17.0"
source = { registry = "https://pypi.org/simple" }
sdist = { url = "https://files.pythonhosted.org/packages/94/e7/b2c673351809dca68a0e064b6af791aa332cf192da575fd474ed7d6f16a2/six-1.17.0.tar.gz", hash = "sha256:ff70335d468e7eb6ec65b95b99d3a2836546063f63acc5171de367e834932a81", size = 34031, upload-time = "2024-12-04T17:35:28.174Z" }
wheels = [
    { url = "https://files.pythonhosted.org/packages/b7/ce/149a00dd41f10bc29e5921b496af8b574d8413afcd5e30dfa0ed46c2cc5e/six-1.17.0-py2.py3-none-any.whl", hash = "sha256:4721f391ed90541fddacab5acf947aa0d3dc7d27b2e1e8eda2be8970586c3274", size = 11050, upload-time = "2024-12-04T17:35:26.475Z" },
]

[[package]]
name = "urllib3"
version = "2.5.0"
source = { registry = "https://pypi.org/simple" }
sdist = { url = "https://files.pythonhosted.org/packages/15/22/9ee70a2574a4f4599c47dd506532914ce044817c7752a79b6a51286319bc/urllib3-2.5.0.tar.gz", hash = "sha256:3fc47733c7e419d4bc3f6b3dc2b4f890bb743906a30d56ba4a5bfa4bbff92760", size = 393185, upload-time = "2025-06-18T14:07:41.644Z" }
wheels = [
    { url = "https://files.pythonhosted.org/packages/a7/c2/fe1e52489ae3122415c51f387e221dd0773709bad6c6cdaa599e8a2c5185/urllib3-2.5.0-py3-none-any.whl", hash = "sha256:e6b01673c0fa6a13e374b50871808eb3bf7046c4b125b216f6bf1cc604cff0dc", size = 129795, upload-time = "2025-06-18T14:07:40.39Z" },
]
