version = 1
revision = 3
requires-python = "==3.13.*"

[[package]]
name = "attrs"
version = "25.4.0"
source = { registry = "https://pypi.org/simple" }
sdist = { url = "https://files.pythonhosted.org/packages/6b/5c/685e6633917e101e5dcb62b9dd76946cbb57c26e133bae9e0cd36033c0a9/attrs-25.4.0.tar.gz", hash = "sha256:16d5969b87f0859ef33a48b35d55ac1be6e42ae49d5e853b597db70c35c57e11", size = 934251, upload-time = "2025-10-06T13:54:44.725Z" }
wheels = [
    { url = "https://files.pythonhosted.org/packages/3a/2a/7cc015f5b9f5db42b7d48157e23356022889fc354a2813c15934b7cb5c0e/attrs-25.4.0-py3-none-any.whl", hash = "sha256:adcf7e2a1fb3b36ac48d97835bb6d8ade15b8dcce26aba8bf1d14847b57a3373", size = 67615, upload-time = "2025-10-06T13:54:43.17Z" },
]

[[package]]
name = "boto3"
version = "1.40.59"
source = { registry = "https://pypi.org/simple" }
dependencies = [
    { name = "botocore" },
    { name = "jmespath" },
    { name = "s3transfer" },
]
sdist = { url = "https://files.pythonhosted.org/packages/ae/f4/65f3a0a58a42abaa57cb42968535dc7c209232c2614d5ac1d8354b0bc0b7/boto3-1.40.59.tar.gz", hash = "sha256:b1a5a203511e594872b39a129365f02eb5846eea990629e8daf47a3c01e7fd49", size = 111577, upload-time = "2025-10-24T19:23:33.763Z" }
wheels = [
    { url = "https://files.pythonhosted.org/packages/d4/61/25cbd486b03d4f786507584025a35ae74fa52fe2408fbf0318d91e3e96db/boto3-1.40.59-py3-none-any.whl", hash = "sha256:75752e7dc445131700a58926a50ca705794232f0f47d0e21edb59fbf1898db95", size = 139323, upload-time = "2025-10-24T19:23:31.824Z" },
]

[[package]]
name = "botocore"
version = "1.40.59"
source = { registry = "https://pypi.org/simple" }
dependencies = [
    { name = "jmespath" },
    { name = "python-dateutil" },
    { name = "urllib3" },
]
sdist = { url = "https://files.pythonhosted.org/packages/9f/0a/4abd361449e495bc6f0eb24dc14213c1468253a5be63cfcd3b6f9feca992/botocore-1.40.59.tar.gz", hash = "sha256:842a466d8735272a30fe5b7f97df559d9e211a18e412f62a17ed249fd62f85fe", size = 14472896, upload-time = "2025-10-24T19:23:22.467Z" }
wheels = [
    { url = "https://files.pythonhosted.org/packages/50/34/72ba24f52b14669384ede828ea08927b444c52311e67e02d9cdc6f00b882/botocore-1.40.59-py3-none-any.whl", hash = "sha256:042dd844ca82155ca1ab9608b9bef36d517515c775d075f57b89257108ae843b", size = 14139459, upload-time = "2025-10-24T19:23:18.425Z" },
]

[[package]]
name = "colorama"
version = "0.4.6"
source = { registry = "https://pypi.org/simple" }
sdist = { url = "https://files.pythonhosted.org/packages/d8/53/6f443c9a4a8358a93a6792e2acffb9d9d5cb0a5cfd8802644b7b1c9a02e4/colorama-0.4.6.tar.gz", hash = "sha256:08695f5cb7ed6e0531a20572697297273c47b8cae5a63ffc6d6ed5c201be6e44", size = 27697, upload-time = "2022-10-25T02:36:22.414Z" }
wheels = [
    { url = "https://files.pythonhosted.org/packages/d1/d6/3965ed04c63042e047cb6a3e6ed1a63a35087b6a609aa3a15ed8ac56c221/colorama-0.4.6-py2.py3-none-any.whl", hash = "sha256:4f1d9991f5acc0ca119f9d443620b77f9d6b33703e51011c16baf57afb285fc6", size = 25335, upload-time = "2022-10-25T02:36:20.889Z" },
]

[[package]]
name = "coverage"
version = "7.11.0"
source = { registry = "https://pypi.org/simple" }
sdist = { url = "https://files.pythonhosted.org/packages/1c/38/ee22495420457259d2f3390309505ea98f98a5eed40901cf62196abad006/coverage-7.11.0.tar.gz", hash = "sha256:167bd504ac1ca2af7ff3b81d245dfea0292c5032ebef9d66cc08a7d28c1b8050", size = 811905, upload-time = "2025-10-15T15:15:08.542Z" }
wheels = [
    { url = "https://files.pythonhosted.org/packages/60/7f/85e4dfe65e400645464b25c036a26ac226cf3a69d4a50c3934c532491cdd/coverage-7.11.0-cp313-cp313-macosx_10_13_x86_64.whl", hash = "sha256:cc3f49e65ea6e0d5d9bd60368684fe52a704d46f9e7fc413918f18d046ec40e1", size = 216129, upload-time = "2025-10-15T15:13:25.371Z" },
    { url = "https://files.pythonhosted.org/packages/96/5d/dc5fa98fea3c175caf9d360649cb1aa3715e391ab00dc78c4c66fabd7356/coverage-7.11.0-cp313-cp313-macosx_11_0_arm64.whl", hash = "sha256:f39ae2f63f37472c17b4990f794035c9890418b1b8cca75c01193f3c8d3e01be", size = 216380, upload-time = "2025-10-15T15:13:26.976Z" },
    { url = "https://files.pythonhosted.org/packages/b2/f5/3da9cc9596708273385189289c0e4d8197d37a386bdf17619013554b3447/coverage-7.11.0-cp313-cp313-manylinux1_i686.manylinux_2_28_i686.manylinux_2_5_i686.whl", hash = "sha256:7db53b5cdd2917b6eaadd0b1251cf4e7d96f4a8d24e174bdbdf2f65b5ea7994d", size = 247375, upload-time = "2025-10-15T15:13:28.923Z" },
    { url = "https://files.pythonhosted.org/packages/65/6c/f7f59c342359a235559d2bc76b0c73cfc4bac7d61bb0df210965cb1ecffd/coverage-7.11.0-cp313-cp313-manylinux1_x86_64.manylinux_2_28_x86_64.manylinux_2_5_x86_64.whl", hash = "sha256:10ad04ac3a122048688387828b4537bc9cf60c0bf4869c1e9989c46e45690b82", size = 249978, upload-time = "2025-10-15T15:13:30.525Z" },
    { url = "https://files.pythonhosted.org/packages/e7/8c/042dede2e23525e863bf1ccd2b92689692a148d8b5fd37c37899ba882645/coverage-7.11.0-cp313-cp313-manylinux2014_aarch64.manylinux_2_17_aarch64.manylinux_2_28_aarch64.whl", hash = "sha256:4036cc9c7983a2b1f2556d574d2eb2154ac6ed55114761685657e38782b23f52", size = 251253, upload-time = "2025-10-15T15:13:32.174Z" },
    { url = "https://files.pythonhosted.org/packages/7b/a9/3c58df67bfa809a7bddd786356d9c5283e45d693edb5f3f55d0986dd905a/coverage-7.11.0-cp313-cp313-manylinux_2_31_riscv64.manylinux_2_39_riscv64.whl", hash = "sha256:7ab934dd13b1c5e94b692b1e01bd87e4488cb746e3a50f798cb9464fd128374b", size = 247591, upload-time = "2025-10-15T15:13:34.147Z" },
    { url = "https://files.pythonhosted.org/packages/26/5b/c7f32efd862ee0477a18c41e4761305de6ddd2d49cdeda0c1116227570fd/coverage-7.11.0-cp313-cp313-musllinux_1_2_aarch64.whl", hash = "sha256:59a6e5a265f7cfc05f76e3bb53eca2e0dfe90f05e07e849930fecd6abb8f40b4", size = 249411, upload-time = "2025-10-15T15:13:38.425Z" },
    { url = "https://files.pythonhosted.org/packages/76/b5/78cb4f1e86c1611431c990423ec0768122905b03837e1b4c6a6f388a858b/coverage-7.11.0-cp313-cp313-musllinux_1_2_i686.whl", hash = "sha256:df01d6c4c81e15a7c88337b795bb7595a8596e92310266b5072c7e301168efbd", size = 247303, upload-time = "2025-10-15T15:13:40.464Z" },
    { url = "https://files.pythonhosted.org/packages/87/c9/23c753a8641a330f45f221286e707c427e46d0ffd1719b080cedc984ec40/coverage-7.11.0-cp313-cp313-musllinux_1_2_riscv64.whl", hash = "sha256:8c934bd088eed6174210942761e38ee81d28c46de0132ebb1801dbe36a390dcc", size = 247157, upload-time = "2025-10-15T15:13:42.087Z" },
    { url = "https://files.pythonhosted.org/packages/c5/42/6e0cc71dc8a464486e944a4fa0d85bdec031cc2969e98ed41532a98336b9/coverage-7.11.0-cp313-cp313-musllinux_1_2_x86_64.whl", hash = "sha256:5a03eaf7ec24078ad64a07f02e30060aaf22b91dedf31a6b24d0d98d2bba7f48", size = 248921, upload-time = "2025-10-15T15:13:43.715Z" },
    { url = "https://files.pythonhosted.org/packages/e8/1c/743c2ef665e6858cccb0f84377dfe3a4c25add51e8c7ef19249be92465b6/coverage-7.11.0-cp313-cp313-win32.whl", hash = "sha256:695340f698a5f56f795b2836abe6fb576e7c53d48cd155ad2f80fd24bc63a040", size = 218526, upload-time = "2025-10-15T15:13:45.336Z" },
    { url = "https://files.pythonhosted.org/packages/ff/d5/226daadfd1bf8ddbccefbd3aa3547d7b960fb48e1bdac124e2dd13a2b71a/coverage-7.11.0-cp313-cp313-win_amd64.whl", hash = "sha256:2727d47fce3ee2bac648528e41455d1b0c46395a087a229deac75e9f88ba5a05", size = 219317, upload-time = "2025-10-15T15:13:47.401Z" },
    { url = "https://files.pythonhosted.org/packages/97/54/47db81dcbe571a48a298f206183ba8a7ba79200a37cd0d9f4788fcd2af4a/coverage-7.11.0-cp313-cp313-win_arm64.whl", hash = "sha256:0efa742f431529699712b92ecdf22de8ff198df41e43aeaaadf69973eb93f17a", size = 217948, upload-time = "2025-10-15T15:13:49.096Z" },
    { url = "https://files.pythonhosted.org/packages/e5/8b/cb68425420154e7e2a82fd779a8cc01549b6fa83c2ad3679cd6c088ebd07/coverage-7.11.0-cp313-cp313t-macosx_10_13_x86_64.whl", hash = "sha256:587c38849b853b157706407e9ebdca8fd12f45869edb56defbef2daa5fb0812b", size = 216837, upload-time = "2025-10-15T15:13:51.09Z" },
    { url = "https://files.pythonhosted.org/packages/33/55/9d61b5765a025685e14659c8d07037247de6383c0385757544ffe4606475/coverage-7.11.0-cp313-cp313t-macosx_11_0_arm64.whl", hash = "sha256:b971bdefdd75096163dd4261c74be813c4508477e39ff7b92191dea19f24cd37", size = 217061, upload-time = "2025-10-15T15:13:52.747Z" },
    { url = "https://files.pythonhosted.org/packages/52/85/292459c9186d70dcec6538f06ea251bc968046922497377bf4a1dc9a71de/coverage-7.11.0-cp313-cp313t-manylinux1_i686.manylinux_2_28_i686.manylinux_2_5_i686.whl", hash = "sha256:269bfe913b7d5be12ab13a95f3a76da23cf147be7fa043933320ba5625f0a8de", size = 258398, upload-time = "2025-10-15T15:13:54.45Z" },
    { url = "https://files.pythonhosted.org/packages/1f/e2/46edd73fb8bf51446c41148d81944c54ed224854812b6ca549be25113ee0/coverage-7.11.0-cp313-cp313t-manylinux1_x86_64.manylinux_2_28_x86_64.manylinux_2_5_x86_64.whl", hash = "sha256:dadbcce51a10c07b7c72b0ce4a25e4b6dcb0c0372846afb8e5b6307a121eb99f", size = 260574, upload-time = "2025-10-15T15:13:56.145Z" },
    { url = "https://files.pythonhosted.org/packages/07/5e/1df469a19007ff82e2ca8fe509822820a31e251f80ee7344c34f6cd2ec43/coverage-7.11.0-cp313-cp313t-manylinux2014_aarch64.manylinux_2_17_aarch64.manylinux_2_28_aarch64.whl", hash = "sha256:9ed43fa22c6436f7957df036331f8fe4efa7af132054e1844918866cd228af6c", size = 262797, upload-time = "2025-10-15T15:13:58.635Z" },
    { url = "https://files.pythonhosted.org/packages/f9/50/de216b31a1434b94d9b34a964c09943c6be45069ec704bfc379d8d89a649/coverage-7.11.0-cp313-cp313t-manylinux_2_31_riscv64.manylinux_2_39_riscv64.whl", hash = "sha256:9516add7256b6713ec08359b7b05aeff8850c98d357784c7205b2e60aa2513fa", size = 257361, upload-time = "2025-10-15T15:14:00.409Z" },
    { url = "https://files.pythonhosted.org/packages/82/1e/3f9f8344a48111e152e0fd495b6fff13cc743e771a6050abf1627a7ba918/coverage-7.11.0-cp313-cp313t-musllinux_1_2_aarch64.whl", hash = "sha256:eb92e47c92fcbcdc692f428da67db33337fa213756f7adb6a011f7b5a7a20740", size = 260349, upload-time = "2025-10-15T15:14:02.188Z" },
    { url = "https://files.pythonhosted.org/packages/65/9b/3f52741f9e7d82124272f3070bbe316006a7de1bad1093f88d59bfc6c548/coverage-7.11.0-cp313-cp313t-musllinux_1_2_i686.whl", hash = "sha256:d06f4fc7acf3cabd6d74941d53329e06bab00a8fe10e4df2714f0b134bfc64ef", size = 258114, upload-time = "2025-10-15T15:14:03.907Z" },
    { url = "https://files.pythonhosted.org/packages/0b/8b/918f0e15f0365d50d3986bbd3338ca01178717ac5678301f3f547b6619e6/coverage-7.11.0-cp313-cp313t-musllinux_1_2_riscv64.whl", hash = "sha256:6fbcee1a8f056af07ecd344482f711f563a9eb1c2cad192e87df00338ec3cdb0", size = 256723, upload-time = "2025-10-15T15:14:06.324Z" },
    { url = "https://files.pythonhosted.org/packages/44/9e/7776829f82d3cf630878a7965a7d70cc6ca94f22c7d20ec4944f7148cb46/coverage-7.11.0-cp313-cp313t-musllinux_1_2_x86_64.whl", hash = "sha256:dbbf012be5f32533a490709ad597ad8a8ff80c582a95adc8d62af664e532f9ca", size = 259238, upload-time = "2025-10-15T15:14:08.002Z" },
    { url = "https://files.pythonhosted.org/packages/9a/b8/49cf253e1e7a3bedb85199b201862dd7ca4859f75b6cf25ffa7298aa0760/coverage-7.11.0-cp313-cp313t-win32.whl", hash = "sha256:cee6291bb4fed184f1c2b663606a115c743df98a537c969c3c64b49989da96c2", size = 219180, upload-time = "2025-10-15T15:14:09.786Z" },
    { url = "https://files.pythonhosted.org/packages/ac/e1/1a541703826be7ae2125a0fb7f821af5729d56bb71e946e7b933cc7a89a4/coverage-7.11.0-cp313-cp313t-win_amd64.whl", hash = "sha256:a386c1061bf98e7ea4758e4313c0ab5ecf57af341ef0f43a0bf26c2477b5c268", size = 220241, upload-time = "2025-10-15T15:14:11.471Z" },
    { url = "https://files.pythonhosted.org/packages/d5/d1/5ee0e0a08621140fd418ec4020f595b4d52d7eb429ae6a0c6542b4ba6f14/coverage-7.11.0-cp313-cp313t-win_arm64.whl", hash = "sha256:f9ea02ef40bb83823b2b04964459d281688fe173e20643870bb5d2edf68bc836", size = 218510, upload-time = "2025-10-15T15:14:13.46Z" },
    { url = "https://files.pythonhosted.org/packages/5f/04/642c1d8a448ae5ea1369eac8495740a79eb4e581a9fb0cbdce56bbf56da1/coverage-7.11.0-py3-none-any.whl", hash = "sha256:4b7589765348d78fb4e5fb6ea35d07564e387da2fc5efff62e0222971f155f68", size = 207761, upload-time = "2025-10-15T15:15:06.439Z" },
]

[[package]]
name = "iniconfig"
version = "2.3.0"
source = { registry = "https://pypi.org/simple" }
sdist = { url = "https://files.pythonhosted.org/packages/72/34/14ca021ce8e5dfedc35312d08ba8bf51fdd999c576889fc2c24cb97f4f10/iniconfig-2.3.0.tar.gz", hash = "sha256:c76315c77db068650d49c5b56314774a7804df16fee4402c1f19d6d15d8c4730", size = 20503, upload-time = "2025-10-18T21:55:43.219Z" }
wheels = [
    { url = "https://files.pythonhosted.org/packages/cb/b1/3846dd7f199d53cb17f49cba7e651e9ce294d8497c8c150530ed11865bb8/iniconfig-2.3.0-py3-none-any.whl", hash = "sha256:f631c04d2c48c52b84d0d0549c99ff3859c98df65b3101406327ecc7d53fbf12", size = 7484, upload-time = "2025-10-18T21:55:41.639Z" },
]

[[package]]
name = "jmespath"
version = "1.0.1"
source = { registry = "https://pypi.org/simple" }
sdist = { url = "https://files.pythonhosted.org/packages/00/2a/e867e8531cf3e36b41201936b7fa7ba7b5702dbef42922193f05c8976cd6/jmespath-1.0.1.tar.gz", hash = "sha256:90261b206d6defd58fdd5e85f478bf633a2901798906be2ad389150c5c60edbe", size = 25843, upload-time = "2022-06-17T18:00:12.224Z" }
wheels = [
    { url = "https://files.pythonhosted.org/packages/31/b4/b9b800c45527aadd64d5b442f9b932b00648617eb5d63d2c7a6587b7cafc/jmespath-1.0.1-py3-none-any.whl", hash = "sha256:02e2e4cc71b5bcab88332eebf907519190dd9e6e82107fa7f83b1003a6252980", size = 20256, upload-time = "2022-06-17T18:00:10.251Z" },
]

[[package]]
name = "jsonschema"
version = "4.25.1"
source = { registry = "https://pypi.org/simple" }
dependencies = [
    { name = "attrs" },
    { name = "jsonschema-specifications" },
    { name = "referencing" },
    { name = "rpds-py" },
]
sdist = { url = "https://files.pythonhosted.org/packages/74/69/f7185de793a29082a9f3c7728268ffb31cb5095131a9c139a74078e27336/jsonschema-4.25.1.tar.gz", hash = "sha256:e4a9655ce0da0c0b67a085847e00a3a51449e1157f4f75e9fb5aa545e122eb85", size = 357342, upload-time = "2025-08-18T17:03:50.038Z" }
wheels = [
    { url = "https://files.pythonhosted.org/packages/bf/9c/8c95d856233c1f82500c2450b8c68576b4cf1c871db3afac5c34ff84e6fd/jsonschema-4.25.1-py3-none-any.whl", hash = "sha256:3fba0169e345c7175110351d456342c364814cfcf3b964ba4587f22915230a63", size = 90040, upload-time = "2025-08-18T17:03:48.373Z" },
]

[[package]]
name = "jsonschema-specifications"
version = "2025.9.1"
source = { registry = "https://pypi.org/simple" }
dependencies = [
    { name = "referencing" },
]
sdist = { url = "https://files.pythonhosted.org/packages/19/74/a633ee74eb36c44aa6d1095e7cc5569bebf04342ee146178e2d36600708b/jsonschema_specifications-2025.9.1.tar.gz", hash = "sha256:b540987f239e745613c7a9176f3edb72b832a4ac465cf02712288397832b5e8d", size = 32855, upload-time = "2025-09-08T01:34:59.186Z" }
wheels = [
    { url = "https://files.pythonhosted.org/packages/41/45/1a4ed80516f02155c51f51e8cedb3c1902296743db0bbc66608a0db2814f/jsonschema_specifications-2025.9.1-py3-none-any.whl", hash = "sha256:98802fee3a11ee76ecaca44429fda8a41bff98b00a0f2838151b113f210cc6fe", size = 18437, upload-time = "2025-09-08T01:34:57.871Z" },
]

[[package]]
name = "packaging"
version = "25.0"
source = { registry = "https://pypi.org/simple" }
sdist = { url = "https://files.pythonhosted.org/packages/a1/d4/1fc4078c65507b51b96ca8f8c3ba19e6a61c8253c72794544580a7b6c24d/packaging-25.0.tar.gz", hash = "sha256:d443872c98d677bf60f6a1f2f8c1cb748e8fe762d2bf9d3148b5599295b0fc4f", size = 165727, upload-time = "2025-04-19T11:48:59.673Z" }
wheels = [
    { url = "https://files.pythonhosted.org/packages/20/12/38679034af332785aac8774540895e234f4d07f7545804097de4b666afd8/packaging-25.0-py3-none-any.whl", hash = "sha256:29572ef2b1f17581046b3a2227d5c611fb25ec70ca1ba8554b24b0e69331a484", size = 66469, upload-time = "2025-04-19T11:48:57.875Z" },
]

[[package]]
name = "pluggy"
version = "1.6.0"
source = { registry = "https://pypi.org/simple" }
sdist = { url = "https://files.pythonhosted.org/packages/f9/e2/3e91f31a7d2b083fe6ef3fa267035b518369d9511ffab804f839851d2779/pluggy-1.6.0.tar.gz", hash = "sha256:7dcc130b76258d33b90f61b658791dede3486c3e6bfb003ee5c9bfb396dd22f3", size = 69412, upload-time = "2025-05-15T12:30:07.975Z" }
wheels = [
    { url = "https://files.pythonhosted.org/packages/54/20/4d324d65cc6d9205fabedc306948156824eb9f0ee1633355a8f7ec5c66bf/pluggy-1.6.0-py3-none-any.whl", hash = "sha256:e920276dd6813095e9377c0bc5566d94c932c33b27a3e3945d8389c374dd4746", size = 20538, upload-time = "2025-05-15T12:30:06.134Z" },
]

[[package]]
name = "pygments"
version = "2.19.2"
source = { registry = "https://pypi.org/simple" }
sdist = { url = "https://files.pythonhosted.org/packages/b0/77/a5b8c569bf593b0140bde72ea885a803b82086995367bf2037de0159d924/pygments-2.19.2.tar.gz", hash = "sha256:636cb2477cec7f8952536970bc533bc43743542f70392ae026374600add5b887", size = 4968631, upload-time = "2025-06-21T13:39:12.283Z" }
wheels = [
    { url = "https://files.pythonhosted.org/packages/c7/21/705964c7812476f378728bdf590ca4b771ec72385c533964653c68e86bdc/pygments-2.19.2-py3-none-any.whl", hash = "sha256:86540386c03d588bb81d44bc3928634ff26449851e99741617ecb9037ee5ec0b", size = 1225217, upload-time = "2025-06-21T13:39:07.939Z" },
]

[[package]]
name = "pytest"
version = "8.4.2"
source = { registry = "https://pypi.org/simple" }
dependencies = [
    { name = "colorama", marker = "sys_platform == 'win32'" },
    { name = "iniconfig" },
    { name = "packaging" },
    { name = "pluggy" },
    { name = "pygments" },
]
sdist = { url = "https://files.pythonhosted.org/packages/a3/5c/00a0e072241553e1a7496d638deababa67c5058571567b92a7eaa258397c/pytest-8.4.2.tar.gz", hash = "sha256:86c0d0b93306b961d58d62a4db4879f27fe25513d4b969df351abdddb3c30e01", size = 1519618, upload-time = "2025-09-04T14:34:22.711Z" }
wheels = [
    { url = "https://files.pythonhosted.org/packages/a8/a4/20da314d277121d6534b3a980b29035dcd51e6744bd79075a6ce8fa4eb8d/pytest-8.4.2-py3-none-any.whl", hash = "sha256:872f880de3fc3a5bdc88a11b39c9710c3497a547cfa9320bc3c5e62fbf272e79", size = 365750, upload-time = "2025-09-04T14:34:20.226Z" },
]

[[package]]
name = "pytest-cov"
version = "7.0.0"
source = { registry = "https://pypi.org/simple" }
dependencies = [
    { name = "coverage" },
    { name = "pluggy" },
    { name = "pytest" },
]
sdist = { url = "https://files.pythonhosted.org/packages/5e/f7/c933acc76f5208b3b00089573cf6a2bc26dc80a8aece8f52bb7d6b1855ca/pytest_cov-7.0.0.tar.gz", hash = "sha256:33c97eda2e049a0c5298e91f519302a1334c26ac65c1a483d6206fd458361af1", size = 54328, upload-time = "2025-09-09T10:57:02.113Z" }
wheels = [
    { url = "https://files.pythonhosted.org/packages/ee/49/1377b49de7d0c1ce41292161ea0f721913fa8722c19fb9c1e3aa0367eecb/pytest_cov-7.0.0-py3-none-any.whl", hash = "sha256:3b8e9558b16cc1479da72058bdecf8073661c7f57f7d3c5f22a1c23507f2d861", size = 22424, upload-time = "2025-09-09T10:57:00.695Z" },
]

[[package]]
name = "pytest-env"
version = "1.2.0"
source = { registry = "https://pypi.org/simple" }
dependencies = [
    { name = "pytest" },
]
sdist = { url = "https://files.pythonhosted.org/packages/13/12/9c87d0ca45d5992473208bcef2828169fa7d39b8d7fc6e3401f5c08b8bf7/pytest_env-1.2.0.tar.gz", hash = "sha256:475e2ebe8626cee01f491f304a74b12137742397d6c784ea4bc258f069232b80", size = 8973, upload-time = "2025-10-09T19:15:47.42Z" }
wheels = [
    { url = "https://files.pythonhosted.org/packages/27/98/822b924a4a3eb58aacba84444c7439fce32680592f394de26af9c76e2569/pytest_env-1.2.0-py3-none-any.whl", hash = "sha256:d7e5b7198f9b83c795377c09feefa45d56083834e60d04767efd64819fc9da00", size = 6251, upload-time = "2025-10-09T19:15:46.077Z" },
]

[[package]]
name = "pytest-mock"
version = "3.15.1"
source = { registry = "https://pypi.org/simple" }
dependencies = [
    { name = "pytest" },
]
sdist = { url = "https://files.pythonhosted.org/packages/68/14/eb014d26be205d38ad5ad20d9a80f7d201472e08167f0bb4361e251084a9/pytest_mock-3.15.1.tar.gz", hash = "sha256:1849a238f6f396da19762269de72cb1814ab44416fa73a8686deac10b0d87a0f", size = 34036, upload-time = "2025-09-16T16:37:27.081Z" }
wheels = [
    { url = "https://files.pythonhosted.org/packages/5a/cc/06253936f4a7fa2e0f48dfe6d851d9c56df896a9ab09ac019d70b760619c/pytest_mock-3.15.1-py3-none-any.whl", hash = "sha256:0a25e2eb88fe5168d535041d09a4529a188176ae608a6d249ee65abc0949630d", size = 10095, upload-time = "2025-09-16T16:37:25.734Z" },
]

[[package]]
name = "python-dateutil"
version = "2.9.0.post0"
source = { registry = "https://pypi.org/simple" }
dependencies = [
    { name = "six" },
]
sdist = { url = "https://files.pythonhosted.org/packages/66/c0/0c8b6ad9f17a802ee498c46e004a0eb49bc148f2fd230864601a86dcf6db/python-dateutil-2.9.0.post0.tar.gz", hash = "sha256:37dd54208da7e1cd875388217d5e00ebd4179249f90fb72437e91a35459a0ad3", size = 342432, upload-time = "2024-03-01T18:36:20.211Z" }
wheels = [
    { url = "https://files.pythonhosted.org/packages/ec/57/56b9bcc3c9c6a792fcbaf139543cee77261f3651ca9da0c93f5c1221264b/python_dateutil-2.9.0.post0-py2.py3-none-any.whl", hash = "sha256:a8b2bc7bffae282281c8140a97d3aa9c14da0b136dfe83f850eea9a5f7470427", size = 229892, upload-time = "2024-03-01T18:36:18.57Z" },
]

[[package]]
name = "referencing"
version = "0.37.0"
source = { registry = "https://pypi.org/simple" }
dependencies = [
    { name = "attrs" },
    { name = "rpds-py" },
]
sdist = { url = "https://files.pythonhosted.org/packages/22/f5/df4e9027acead3ecc63e50fe1e36aca1523e1719559c499951bb4b53188f/referencing-0.37.0.tar.gz", hash = "sha256:44aefc3142c5b842538163acb373e24cce6632bd54bdb01b21ad5863489f50d8", size = 78036, upload-time = "2025-10-13T15:30:48.871Z" }
wheels = [
    { url = "https://files.pythonhosted.org/packages/2c/58/ca301544e1fa93ed4f80d724bf5b194f6e4b945841c5bfd555878eea9fcb/referencing-0.37.0-py3-none-any.whl", hash = "sha256:381329a9f99628c9069361716891d34ad94af76e461dcb0335825aecc7692231", size = 26766, upload-time = "2025-10-13T15:30:47.625Z" },
]

[[package]]
name = "rpds-py"
version = "0.28.0"
source = { registry = "https://pypi.org/simple" }
sdist = { url = "https://files.pythonhosted.org/packages/48/dc/95f074d43452b3ef5d06276696ece4b3b5d696e7c9ad7173c54b1390cd70/rpds_py-0.28.0.tar.gz", hash = "sha256:abd4df20485a0983e2ca334a216249b6186d6e3c1627e106651943dbdb791aea", size = 27419, upload-time = "2025-10-22T22:24:29.327Z" }
wheels = [
    { url = "https://files.pythonhosted.org/packages/d3/03/ce566d92611dfac0085c2f4b048cd53ed7c274a5c05974b882a908d540a2/rpds_py-0.28.0-cp313-cp313-macosx_10_12_x86_64.whl", hash = "sha256:e9e184408a0297086f880556b6168fa927d677716f83d3472ea333b42171ee3b", size = 366235, upload-time = "2025-10-22T22:22:28.397Z" },
    { url = "https://files.pythonhosted.org/packages/00/34/1c61da1b25592b86fd285bd7bd8422f4c9d748a7373b46126f9ae792a004/rpds_py-0.28.0-cp313-cp313-macosx_11_0_arm64.whl", hash = "sha256:edd267266a9b0448f33dc465a97cfc5d467594b600fe28e7fa2f36450e03053a", size = 348241, upload-time = "2025-10-22T22:22:30.171Z" },
    { url = "https://files.pythonhosted.org/packages/fc/00/ed1e28616848c61c493a067779633ebf4b569eccaacf9ccbdc0e7cba2b9d/rpds_py-0.28.0-cp313-cp313-manylinux_2_17_aarch64.manylinux2014_aarch64.whl", hash = "sha256:85beb8b3f45e4e32f6802fb6cd6b17f615ef6c6a52f265371fb916fae02814aa", size = 378079, upload-time = "2025-10-22T22:22:31.644Z" },
    { url = "https://files.pythonhosted.org/packages/11/b2/ccb30333a16a470091b6e50289adb4d3ec656fd9951ba8c5e3aaa0746a67/rpds_py-0.28.0-cp313-cp313-manylinux_2_17_armv7l.manylinux2014_armv7l.whl", hash = "sha256:d2412be8d00a1b895f8ad827cc2116455196e20ed994bb704bf138fe91a42724", size = 393151, upload-time = "2025-10-22T22:22:33.453Z" },
    { url = "https://files.pythonhosted.org/packages/8c/d0/73e2217c3ee486d555cb84920597480627d8c0240ff3062005c6cc47773e/rpds_py-0.28.0-cp313-cp313-manylinux_2_17_ppc64le.manylinux2014_ppc64le.whl", hash = "sha256:cf128350d384b777da0e68796afdcebc2e9f63f0e9f242217754e647f6d32491", size = 517520, upload-time = "2025-10-22T22:22:34.949Z" },
    { url = "https://files.pythonhosted.org/packages/c4/91/23efe81c700427d0841a4ae7ea23e305654381831e6029499fe80be8a071/rpds_py-0.28.0-cp313-cp313-manylinux_2_17_s390x.manylinux2014_s390x.whl", hash = "sha256:a2036d09b363aa36695d1cc1a97b36865597f4478470b0697b5ee9403f4fe399", size = 408699, upload-time = "2025-10-22T22:22:36.584Z" },
    { url = "https://files.pythonhosted.org/packages/ca/ee/a324d3198da151820a326c1f988caaa4f37fc27955148a76fff7a2d787a9/rpds_py-0.28.0-cp313-cp313-manylinux_2_17_x86_64.manylinux2014_x86_64.whl", hash = "sha256:b8e1e9be4fa6305a16be628959188e4fd5cd6f1b0e724d63c6d8b2a8adf74ea6", size = 385720, upload-time = "2025-10-22T22:22:38.014Z" },
    { url = "https://files.pythonhosted.org/packages/19/ad/e68120dc05af8b7cab4a789fccd8cdcf0fe7e6581461038cc5c164cd97d2/rpds_py-0.28.0-cp313-cp313-manylinux_2_31_riscv64.whl", hash = "sha256:0a403460c9dd91a7f23fc3188de6d8977f1d9603a351d5db6cf20aaea95b538d", size = 401096, upload-time = "2025-10-22T22:22:39.869Z" },
    { url = "https://files.pythonhosted.org/packages/99/90/c1e070620042459d60df6356b666bb1f62198a89d68881816a7ed121595a/rpds_py-0.28.0-cp313-cp313-manylinux_2_5_i686.manylinux1_i686.whl", hash = "sha256:d7366b6553cdc805abcc512b849a519167db8f5e5c3472010cd1228b224265cb", size = 411465, upload-time = "2025-10-22T22:22:41.395Z" },
    { url = "https://files.pythonhosted.org/packages/68/61/7c195b30d57f1b8d5970f600efee72a4fad79ec829057972e13a0370fd24/rpds_py-0.28.0-cp313-cp313-musllinux_1_2_aarch64.whl", hash = "sha256:5b43c6a3726efd50f18d8120ec0551241c38785b68952d240c45ea553912ac41", size = 558832, upload-time = "2025-10-22T22:22:42.871Z" },
    { url = "https://files.pythonhosted.org/packages/b0/3d/06f3a718864773f69941d4deccdf18e5e47dd298b4628062f004c10f3b34/rpds_py-0.28.0-cp313-cp313-musllinux_1_2_i686.whl", hash = "sha256:0cb7203c7bc69d7c1585ebb33a2e6074492d2fc21ad28a7b9d40457ac2a51ab7", size = 583230, upload-time = "2025-10-22T22:22:44.877Z" },
    { url = "https://files.pythonhosted.org/packages/66/df/62fc783781a121e77fee9a21ead0a926f1b652280a33f5956a5e7833ed30/rpds_py-0.28.0-cp313-cp313-musllinux_1_2_x86_64.whl", hash = "sha256:7a52a5169c664dfb495882adc75c304ae1d50df552fbd68e100fdc719dee4ff9", size = 553268, upload-time = "2025-10-22T22:22:46.441Z" },
    { url = "https://files.pythonhosted.org/packages/84/85/d34366e335140a4837902d3dea89b51f087bd6a63c993ebdff59e93ee61d/rpds_py-0.28.0-cp313-cp313-win32.whl", hash = "sha256:2e42456917b6687215b3e606ab46aa6bca040c77af7df9a08a6dcfe8a4d10ca5", size = 217100, upload-time = "2025-10-22T22:22:48.342Z" },
    { url = "https://files.pythonhosted.org/packages/3c/1c/f25a3f3752ad7601476e3eff395fe075e0f7813fbb9862bd67c82440e880/rpds_py-0.28.0-cp313-cp313-win_amd64.whl", hash = "sha256:e0a0311caedc8069d68fc2bf4c9019b58a2d5ce3cd7cb656c845f1615b577e1e", size = 227759, upload-time = "2025-10-22T22:22:50.219Z" },
    { url = "https://files.pythonhosted.org/packages/e0/d6/5f39b42b99615b5bc2f36ab90423ea404830bdfee1c706820943e9a645eb/rpds_py-0.28.0-cp313-cp313-win_arm64.whl", hash = "sha256:04c1b207ab8b581108801528d59ad80aa83bb170b35b0ddffb29c20e411acdc1", size = 217326, upload-time = "2025-10-22T22:22:51.647Z" },
    { url = "https://files.pythonhosted.org/packages/5c/8b/0c69b72d1cee20a63db534be0df271effe715ef6c744fdf1ff23bb2b0b1c/rpds_py-0.28.0-cp313-cp313t-macosx_10_12_x86_64.whl", hash = "sha256:f296ea3054e11fc58ad42e850e8b75c62d9a93a9f981ad04b2e5ae7d2186ff9c", size = 355736, upload-time = "2025-10-22T22:22:53.211Z" },
    { url = "https://files.pythonhosted.org/packages/f7/6d/0c2ee773cfb55c31a8514d2cece856dd299170a49babd50dcffb15ddc749/rpds_py-0.28.0-cp313-cp313t-macosx_11_0_arm64.whl", hash = "sha256:5a7306c19b19005ad98468fcefeb7100b19c79fc23a5f24a12e06d91181193fa", size = 342677, upload-time = "2025-10-22T22:22:54.723Z" },
    { url = "https://files.pythonhosted.org/packages/e2/1c/22513ab25a27ea205144414724743e305e8153e6abe81833b5e678650f5a/rpds_py-0.28.0-cp313-cp313t-manylinux_2_17_aarch64.manylinux2014_aarch64.whl", hash = "sha256:e5d9b86aa501fed9862a443c5c3116f6ead8bc9296185f369277c42542bd646b", size = 371847, upload-time = "2025-10-22T22:22:56.295Z" },
    { url = "https://files.pythonhosted.org/packages/60/07/68e6ccdb4b05115ffe61d31afc94adef1833d3a72f76c9632d4d90d67954/rpds_py-0.28.0-cp313-cp313t-manylinux_2_17_armv7l.manylinux2014_armv7l.whl", hash = "sha256:e5bbc701eff140ba0e872691d573b3d5d30059ea26e5785acba9132d10c8c31d", size = 381800, upload-time = "2025-10-22T22:22:57.808Z" },
    { url = "https://files.pythonhosted.org/packages/73/bf/6d6d15df80781d7f9f368e7c1a00caf764436518c4877fb28b029c4624af/rpds_py-0.28.0-cp313-cp313t-manylinux_2_17_ppc64le.manylinux2014_ppc64le.whl", hash = "sha256:9a5690671cd672a45aa8616d7374fdf334a1b9c04a0cac3c854b1136e92374fe", size = 518827, upload-time = "2025-10-22T22:22:59.826Z" },
    { url = "https://files.pythonhosted.org/packages/7b/d3/2decbb2976cc452cbf12a2b0aaac5f1b9dc5dd9d1f7e2509a3ee00421249/rpds_py-0.28.0-cp313-cp313t-manylinux_2_17_s390x.manylinux2014_s390x.whl", hash = "sha256:9f1d92ecea4fa12f978a367c32a5375a1982834649cdb96539dcdc12e609ab1a", size = 399471, upload-time = "2025-10-22T22:23:01.968Z" },
    { url = "https://files.pythonhosted.org/packages/b1/2c/f30892f9e54bd02e5faca3f6a26d6933c51055e67d54818af90abed9748e/rpds_py-0.28.0-cp313-cp313t-manylinux_2_17_x86_64.manylinux2014_x86_64.whl", hash = "sha256:8d252db6b1a78d0a3928b6190156042d54c93660ce4d98290d7b16b5296fb7cc", size = 377578, upload-time = "2025-10-22T22:23:03.52Z" },
    { url = "https://files.pythonhosted.org/packages/f0/5d/3bce97e5534157318f29ac06bf2d279dae2674ec12f7cb9c12739cee64d8/rpds_py-0.28.0-cp313-cp313t-manylinux_2_31_riscv64.whl", hash = "sha256:d61b355c3275acb825f8777d6c4505f42b5007e357af500939d4a35b19177259", size = 390482, upload-time = "2025-10-22T22:23:05.391Z" },
    { url = "https://files.pythonhosted.org/packages/e3/f0/886bd515ed457b5bd93b166175edb80a0b21a210c10e993392127f1e3931/rpds_py-0.28.0-cp313-cp313t-manylinux_2_5_i686.manylinux1_i686.whl", hash = "sha256:acbe5e8b1026c0c580d0321c8aae4b0a1e1676861d48d6e8c6586625055b606a", size = 402447, upload-time = "2025-10-22T22:23:06.93Z" },
    { url = "https://files.pythonhosted.org/packages/42/b5/71e8777ac55e6af1f4f1c05b47542a1eaa6c33c1cf0d300dca6a1c6e159a/rpds_py-0.28.0-cp313-cp313t-musllinux_1_2_aarch64.whl", hash = "sha256:8aa23b6f0fc59b85b4c7d89ba2965af274346f738e8d9fc2455763602e62fd5f", size = 552385, upload-time = "2025-10-22T22:23:08.557Z" },
    { url = "https://files.pythonhosted.org/packages/5d/cb/6ca2d70cbda5a8e36605e7788c4aa3bea7c17d71d213465a5a675079b98d/rpds_py-0.28.0-cp313-cp313t-musllinux_1_2_i686.whl", hash = "sha256:7b14b0c680286958817c22d76fcbca4800ddacef6f678f3a7c79a1fe7067fe37", size = 575642, upload-time = "2025-10-22T22:23:10.348Z" },
    { url = "https://files.pythonhosted.org/packages/4a/d4/407ad9960ca7856d7b25c96dcbe019270b5ffdd83a561787bc682c797086/rpds_py-0.28.0-cp313-cp313t-musllinux_1_2_x86_64.whl", hash = "sha256:bcf1d210dfee61a6c86551d67ee1031899c0fdbae88b2d44a569995d43797712", size = 544507, upload-time = "2025-10-22T22:23:12.434Z" },
    { url = "https://files.pythonhosted.org/packages/51/31/2f46fe0efcac23fbf5797c6b6b7e1c76f7d60773e525cb65fcbc582ee0f2/rpds_py-0.28.0-cp313-cp313t-win32.whl", hash = "sha256:3aa4dc0fdab4a7029ac63959a3ccf4ed605fee048ba67ce89ca3168da34a1342", size = 205376, upload-time = "2025-10-22T22:23:13.979Z" },
    { url = "https://files.pythonhosted.org/packages/92/e4/15947bda33cbedfc134490a41841ab8870a72a867a03d4969d886f6594a2/rpds_py-0.28.0-cp313-cp313t-win_amd64.whl", hash = "sha256:7b7d9d83c942855e4fdcfa75d4f96f6b9e272d42fffcb72cd4bb2577db2e2907", size = 215907, upload-time = "2025-10-22T22:23:15.5Z" },
]

[[package]]
name = "s3transfer"
version = "0.14.0"
source = { registry = "https://pypi.org/simple" }
dependencies = [
    { name = "botocore" },
]
sdist = { url = "https://files.pythonhosted.org/packages/62/74/8d69dcb7a9efe8baa2046891735e5dfe433ad558ae23d9e3c14c633d1d58/s3transfer-0.14.0.tar.gz", hash = "sha256:eff12264e7c8b4985074ccce27a3b38a485bb7f7422cc8046fee9be4983e4125", size = 151547, upload-time = "2025-09-09T19:23:31.089Z" }
wheels = [
    { url = "https://files.pythonhosted.org/packages/48/f0/ae7ca09223a81a1d890b2557186ea015f6e0502e9b8cb8e1813f1d8cfa4e/s3transfer-0.14.0-py3-none-any.whl", hash = "sha256:ea3b790c7077558ed1f02a3072fb3cb992bbbd253392f4b6e9e8976941c7d456", size = 85712, upload-time = "2025-09-09T19:23:30.041Z" },
]

[[package]]
name = "six"
version = "1.17.0"
source = { registry = "https://pypi.org/simple" }
sdist = { url = "https://files.pythonhosted.org/packages/94/e7/b2c673351809dca68a0e064b6af791aa332cf192da575fd474ed7d6f16a2/six-1.17.0.tar.gz", hash = "sha256:ff70335d468e7eb6ec65b95b99d3a2836546063f63acc5171de367e834932a81", size = 34031, upload-time = "2024-12-04T17:35:28.174Z" }
wheels = [
    { url = "https://files.pythonhosted.org/packages/b7/ce/149a00dd41f10bc29e5921b496af8b574d8413afcd5e30dfa0ed46c2cc5e/six-1.17.0-py2.py3-none-any.whl", hash = "sha256:4721f391ed90541fddacab5acf947aa0d3dc7d27b2e1e8eda2be8970586c3274", size = 11050, upload-time = "2024-12-04T17:35:26.475Z" },
]

[[package]]
name = "t4-lambda-access-counts"
version = "0.1.0"
source = { editable = "." }
dependencies = [
    { name = "boto3" },
    { name = "t4-lambda-shared" },
]

[package.dev-dependencies]
test = [
    { name = "pytest" },
    { name = "pytest-cov" },
    { name = "pytest-env" },
    { name = "pytest-mock" },
]

[package.metadata]
requires-dist = [
    { name = "boto3", specifier = "~=1.40" },
    { name = "t4-lambda-shared", url = "https://github.com/quiltdata/quilt/archive/d496dffbfb4b7a2ae05f6c1f7f0cb7d5d43bc984.zip", subdirectory = "lambdas/shared" },
]

[package.metadata.requires-dev]
test = [
    { name = "pytest", specifier = "~=8.4" },
    { name = "pytest-cov", specifier = "~=7.0" },
    { name = "pytest-env", specifier = "~=1.1" },
    { name = "pytest-mock", specifier = "~=3.15" },
]

[[package]]
name = "t4-lambda-shared"
version = "0.0.3"
source = { url = "https://github.com/quiltdata/quilt/archive/d496dffbfb4b7a2ae05f6c1f7f0cb7d5d43bc984.zip", subdirectory = "lambdas/shared" }
dependencies = [
    { name = "jsonschema" },
]
sdist = { hash = "sha256:301e81a066f2f01f114bc94563d444f426501af4938e95c666b0ff3c329da439" }

[package.metadata]
requires-dist = [
    { name = "awslambdaric", marker = "extra == 'lambda'", specifier = ">=2,<3" },
    { name = "fcsparser", marker = "extra == 'preview'", specifier = "~=0.2.1" },
    { name = "jsonschema", specifier = ">=2.6.0" },
    { name = "openpyxl", marker = "extra == 'preview'", specifier = "~=3.1" },
    { name = "pandas", marker = "extra == 'preview'", specifier = "~=2.2" },
    { name = "psutil", marker = "extra == 'mem'", specifier = "~=6.1" },
    { name = "psutil", marker = "extra == 'preview'", specifier = "~=6.1" },
    { name = "pyarrow", marker = "extra == 'preview'", specifier = "~=18.0" },
    { name = "pytest", marker = "extra == 'tests'" },
    { name = "pytest-cov", marker = "extra == 'tests'" },
    { name = "xlrd", marker = "extra == 'preview'", specifier = "~=2.0" },
]
provides-extras = ["tests", "mem", "preview", "lambda"]

[[package]]
name = "urllib3"
version = "2.5.0"
source = { registry = "https://pypi.org/simple" }
sdist = { url = "https://files.pythonhosted.org/packages/15/22/9ee70a2574a4f4599c47dd506532914ce044817c7752a79b6a51286319bc/urllib3-2.5.0.tar.gz", hash = "sha256:3fc47733c7e419d4bc3f6b3dc2b4f890bb743906a30d56ba4a5bfa4bbff92760", size = 393185, upload-time = "2025-06-18T14:07:41.644Z" }
wheels = [
    { url = "https://files.pythonhosted.org/packages/a7/c2/fe1e52489ae3122415c51f387e221dd0773709bad6c6cdaa599e8a2c5185/urllib3-2.5.0-py3-none-any.whl", hash = "sha256:e6b01673c0fa6a13e374b50871808eb3bf7046c4b125b216f6bf1cc604cff0dc", size = 129795, upload-time = "2025-06-18T14:07:40.39Z" },
]
