version = 1
revision = 3
requires-python = "==3.13.*"

[[package]]
name = "boto3"
version = "1.43.108"
source = { registry = "https://pypi.org/simple" }
dependencies = [
    { name = "botocore" },
    { name = "jmespath" },
    { name = "s3transfer" },
]
sdist = { url = "https://files.pythonhosted.org/packages/48/59/fb93b6ebd9ad43eb9a58c7a6da51a0fe24ab0c04bc4d534a0bfc5eba7f59/boto3-1.43.108.tar.gz", hash = "sha256:03341f089158368acf83e921aca98b706095322ca52bc4c039a616940aa5ad41", size = 112682, upload-time = "2026-10-02T19:32:25.211Z" }
wheels = [
    { url = "https://files.pythonhosted.org/packages/74/e4/7e88c40e9f61888e12dac0de41a5fddc2bcd1c3992d9b28e17d915cce0df/boto3-1.43.108-py3-none-any.whl", hash = "sha256:19e9da95ef0c494e27052049a42137550e66730509bb613e76eaa30ddf9a7170", size = 140045, upload-time = "2026-10-02T19:32:23.826Z" },
]

[[package]]
name = "botocore"
version = "1.43.108"
source = { registry = "https://pypi.org/simple" }
dependencies = [
    { name = "jmespath" },
    { name = "python-dateutil" },
    { name = "urllib3" },
]
sdist = { url = "https://files.pythonhosted.org/packages/61/16/6b4477f433da2c11193802f538330ce080076c2f38d817ad437ed3cd1465/botocore-1.43.108.tar.gz", hash = "sha256:ee4f75cf3bdbb0da7912e089950e8112f692016539d939312c771499958e6cfd", size = 16312879, upload-time = "2026-10-02T19:32:20.797Z" }
wheels = [
    { url = "https://files.pythonhosted.org/packages/7a/0b/4670b7e23914b5cc357be5ca45fae503b57d98ecff4b3eabea70412809fd/botocore-1.43.108-py3-none-any.whl", hash = "sha256:ab9d16c6b4350aaa54ed28202dfa2998b2d735fdbf3247eb60af469d8d48a5b8", size = 16008194, upload-time = "2026-10-02T19:32:15.086Z" },
]

[[package]]
name = "colorama"
version = "0.4.6"
source = { registry = "https://pypi.org/simple" }
sdist = { url = "https://files.pythonhosted.org/packages/d8/53/6f443c9a4a8358a93a6792e2acffb9d9d5cb0a5cfd8802644b7b1c9a02e4/colorama-0.4.6.tar.gz", hash = "sha256:08695f5cb7ed6e0531a20572697297273c47b8cae5a63ffc6d6ed5c201be6e44", size = 27697, upload-time = "2022-10-25T02:36:22.414Z" }
wheels = [
    { url = "https://files.pythonhosted.org/packages/d1/d6/3965ed04c63042e047cb6a3e6ed1a63a35087b6a609aa3a15ed8ac56c221/colorama-0.4.6-py2.py3-none-any.whl", hash = "sha256:4f1d9991f5acc0ca119f9d443620b77f9d6b33703e51011c16baf57afb285fc6", size = 25335, upload-time = "2022-10-25T02:36:20.889Z" },
]

[[package]]
name = "coverage"
version = "7.16.2"
source = { registry = "https://pypi.org/simple" }
sdist = { url = "https://files.pythonhosted.org/packages/2f/55/d1eaf3e73781174340a00dc1ba2aee8a65f82fadb18e2797b192b6b3925b/coverage-7.16.2.tar.gz", hash = "sha256:ca64d9f1f384f151b9511bec01126072acd2f313439f8ed015a22d8790aab6fa", size = 971999, upload-time = "2026-09-27T12:29:01.118Z" }
wheels = [
    { url = "https://files.pythonhosted.org/packages/f0/f6/8eb4f220ef24f84fb27d852d4f9bf83e0c73ec1a4a08dd9a87e3f4529739/coverage-7.16.2-cp313-cp313-macosx_10_13_x86_64.whl", hash = "sha256:1a37c6e478cf687e1aa30a593d19c92c02fad9d122b51ab73f51b8dc7a0c0fc9", size = 223993, upload-time = "2026-09-27T12:26:40.164Z" },
    { url = "https://files.pythonhosted.org/packages/40/23/d4bbaf0c154e0b0c2b5264890dbf6ef098dcb50ec8f2469be9490d191660/coverage-7.16.2-cp313-cp313-macosx_11_0_arm64.whl", hash = "sha256:0993d0e90858c03943d3cb152e068a20dd4707924deec84dd2230261baae3b1b", size = 224368, upload-time = "2026-09-27T12:26:41.762Z" },
    { url = "https://files.pythonhosted.org/packages/7f/48/fc1e88fd571ec5cb38150b7f89f7696ca1bdf9920e01432febb69774cc85/coverage-7.16.2-cp313-cp313-manylinux1_i686.manylinux_2_28_i686.manylinux_2_5_i686.whl", hash = "sha256:bb2fc905bbf4e6b7f40806ea79e31515abf6349594cdf0adf27c4215f0463204", size = 255358, upload-time = "2026-09-27T12:26:43.442Z" },
    { url = "https://files.pythonhosted.org/packages/1d/56/6785397d07c29c8e70fbb9a07e97d062b43c21ffc5f12385917847f09f63/coverage-7.16.2-cp313-cp313-manylinux1_x86_64.manylinux_2_28_x86_64.manylinux_2_5_x86_64.whl", hash = "sha256:4358b9c8c0125b460407f3017c6cce8156e904b32772c5630d27112f52bdbfe5", size = 257955, upload-time = "2026-09-27T12:26:45.725Z" },
    { url = "https://files.pythonhosted.org/packages/27/3b/c8cdd07721e5f99abd81cea970d971997f99bf158c0b85f51bd284179c8b/coverage-7.16.2-cp313-cp313-manylinux2014_aarch64.manylinux_2_17_aarch64.manylinux_2_28_aarch64.whl", hash = "sha256:1f15254427c9b33eedac4f198eaf9e356eb4f6214551afb43da6194a2c088ad7", size = 259183, upload-time = "2026-09-27T12:26:47.208Z" },
    { url = "https://files.pythonhosted.org/packages/9b/11/606b192fe43d32574ec6238549d48de588fdcc18485682a5ec0a8ac357f2/coverage-7.16.2-cp313-cp313-manylinux2014_ppc64le.manylinux_2_17_ppc64le.manylinux_2_28_ppc64le.whl", hash = "sha256:9a75a4704ff640e46170042eec1f984385a121227c505d5a16ad8e495f452541", size = 261325, upload-time = "2026-09-27T12:26:49.084Z" },
    { url = "https://files.pythonhosted.org/packages/67/90/eea481f8b0305ceeb33f081a5f47e298391dbd1b589de0c4b3b3aa50d3f2/coverage-7.16.2-cp313-cp313-manylinux_2_31_riscv64.manylinux_2_39_riscv64.whl", hash = "sha256:14253fc7bb15749b849795a06f5d3b6d8bc3fb8a4b5ddc341faf7a89dce205fc", size = 255531, upload-time = "2026-09-27T12:26:50.509Z" },
    { url = "https://files.pythonhosted.org/packages/6b/be/dedbf9aea1457b120c27ac10b8fc2a357f37fa2b54c3e7286d42980a0a2a/coverage-7.16.2-cp313-cp313-musllinux_1_2_aarch64.whl", hash = "sha256:921415102a90637fcc2e3f169f61dad7699ecf690e8639fc21b813acbedc0967", size = 257329, upload-time = "2026-09-27T12:26:52.005Z" },
    { url = "https://files.pythonhosted.org/packages/fa/cb/b25c19d5bb2bd0f2e4e27fe8e2ffcae80c7a91ae181c0dc749ed60e9b1a4/coverage-7.16.2-cp313-cp313-musllinux_1_2_i686.whl", hash = "sha256:cce2bc991293f15cc4084ca116827b5900c5f34e1a54dfe83f10ab5c43162eb7", size = 255294, upload-time = "2026-09-27T12:26:53.634Z" },
    { url = "https://files.pythonhosted.org/packages/5f/a2/892c5c5f4ad44b7b2ca009aee705191f3f268f15052244f2f9e3539b2e35/coverage-7.16.2-cp313-cp313-musllinux_1_2_ppc64le.whl", hash = "sha256:e1fa594c887365b69745f25a416806e61085dd07b94c9eae68a6e20730629b23", size = 259444, upload-time = "2026-09-27T12:26:55.243Z" },
    { url = "https://files.pythonhosted.org/packages/ed/99/a562537deba0a3e370182ae71c149be796c39d8087365f17a09188f27145/coverage-7.16.2-cp313-cp313-musllinux_1_2_riscv64.whl", hash = "sha256:11e597173af1dc33d5f8a7332ada544199269a223af1ee1770ddd5e245ad0fe8", size = 255111, upload-time = "2026-09-27T12:26:56.851Z" },
    { url = "https://files.pythonhosted.org/packages/2d/20/854ec68641a9b3362ff068a32dfa41637299761617ef253791dbade6fc76/coverage-7.16.2-cp313-cp313-musllinux_1_2_x86_64.whl", hash = "sha256:3e7f99698ba3a7d13988bdd984b7ebf13af4dbe2166dc8502eef90d77603b0a4", size = 256882, upload-time = "2026-09-27T12:26:58.41Z" },
    { url = "https://files.pythonhosted.org/packages/db/0d/748e4518b0ac0f9ff2687c248a6e5f8c0737306e709372632a2556f84443/coverage-7.16.2-cp313-cp313-win32.whl", hash = "sha256:f80bd9f9633eafc73d0a913ba2645c96ba58bba1befc30590f7c0fbfde59d865", size = 226045, upload-time = "2026-09-27T12:26:59.983Z" },
    { url = "https://files.pythonhosted.org/packages/31/fa/6e46edba66a183fe4d99d4bb52c173287e9b8dddabe0888d24cb8210e580/coverage-7.16.2-cp313-cp313-win_amd64.whl", hash = "sha256:8be099e979fc42559328a21828281b4578304191ae46ed4e80a407048a82eee6", size = 226581, upload-time = "2026-09-27T12:27:01.494Z" },
    { url = "https://files.pythonhosted.org/packages/1b/d9/9ef6845367600b336ff75d000444a0d32497d6972c833141bd39356abf68/coverage-7.16.2-cp313-cp313-win_arm64.whl", hash = "sha256:28ff850182a67d117990fa2ce5ea1032836d8c9630dae867e8bdd3bff4533b79", size = 226409, upload-time = "2026-09-27T12:27:03.116Z" },
    { url = "https://files.pythonhosted.org/packages/3f/0c/7a64e1ac90541a8edf50daef0914848011fb057a5bf55284a4811e21939a/coverage-7.16.2-py3-none-any.whl", hash = "sha256:11d28e9123a9156cb405d8d27b44256c9a58fb5decc2073a8f17862057e3aa0f", size = 215754, upload-time = "2026-09-27T12:28:59.075Z" },
]

[[package]]
name = "iniconfig"
version = "2.3.0"
source = { registry = "https://pypi.org/simple" }
sdist = { url = "https://files.pythonhosted.org/packages/72/34/14ca021ce8e5dfedc35312d08ba8bf51fdd999c576889fc2c24cb97f4f10/iniconfig-2.3.0.tar.gz", hash = "sha256:c76315c77db068650d49c5b56314774a7804df16fee4402c1f19d6d15d8c4730", size = 20503, upload-time = "2025-10-18T21:55:43.219Z" }
wheels = [
    { url = "https://files.pythonhosted.org/packages/cb/b1/3846dd7f199d53cb17f49cba7e651e9ce294d8497c8c150530ed11865bb8/iniconfig-2.3.0-py3-none-any.whl", hash = "sha256:f631c04d2c48c52b84d0d0549c99ff3859c98df65b3101406327ecc7d53fbf12", size = 7484, upload-time = "2025-10-18T21:55:41.639Z" },
]

[[package]]
name = "jmespath"
version = "1.1.0"
source = { registry = "https://pypi.org/simple" }
sdist = { url = "https://files.pythonhosted.org/packages/d3/59/322338183ecda247fb5d1763a6cbe46eff7222eaeebafd9fa65d4bf5cb11/jmespath-1.1.0.tar.gz", hash = "sha256:472c87d80f36026ae83c6ddd0f1d05d4e510134ed462851fd5f754c8c3cbb88d", size = 27377, upload-time = "2026-01-22T16:35:26.279Z" }
wheels = [
    { url = "https://files.pythonhosted.org/packages/14/2f/967ba146e6d58cf6a652da73885f52fc68001525b4197effc174321d70b4/jmespath-1.1.0-py3-none-any.whl", hash = "sha256:a5663118de4908c91729bea0acadca56526eb2698e83de10cd116ae0f4e97c64", size = 20419, upload-time = "2026-01-22T16:35:24.919Z" },
]

[[package]]
name = "packaging"
version = "26.3"
source = { registry = "https://pypi.org/simple" }
sdist = { url = "https://files.pythonhosted.org/packages/7d/fa/3944b40b07da9ce895c0e6303a5ab7d53da063554f534556b134a54d6093/packaging-26.3.tar.gz", hash = "sha256:94edc256424af38762eb31306eed28beb9f0efc50a8837492c9d6fd6004aed79", size = 313412, upload-time = "2026-08-04T18:15:28.737Z" }
wheels = [
    { url = "https://files.pythonhosted.org/packages/63/34/ba1c580383c9eada3711951fef0795c80b829a078d72188184bcab9dd527/packaging-26.3-py3-none-any.whl", hash = "sha256:d7193f7c8e4e93f444fde0262bf90af30e16fa0ad0ad44cb553c87339b23cd1c", size = 129956, upload-time = "2026-08-04T18:15:27.159Z" },
]

[[package]]
name = "pluggy"
version = "1.6.0"
source = { registry = "https://pypi.org/simple" }
sdist = { url = "https://files.pythonhosted.org/packages/f9/e2/3e91f31a7d2b083fe6ef3fa267035b518369d9511ffab804f839851d2779/pluggy-1.6.0.tar.gz", hash = "sha256:7dcc130b76258d33b90f61b658791dede3486c3e6bfb003ee5c9bfb396dd22f3", size = 69412, upload-time = "2025-05-15T12:30:07.975Z" }
wheels = [
    { url = "https://files.pythonhosted.org/packages/54/20/4d324d65cc6d9205fabedc306948156824eb9f0ee1633355a8f7ec5c66bf/pluggy-1.6.0-py3-none-any.whl", hash = "sha256:e920276dd6813095e9377c0bc5566d94c932c33b27a3e3945d8389c374dd4746", size = 20538, upload-time = "2025-05-15T12:30:06.134Z" },
]

[[package]]
name = "pygments"
version = "2.21.0"
source = { registry = "https://pypi.org/simple" }
sdist = { url = "https://files.pythonhosted.org/packages/49/2e/ced460408999b33da6b31b0021b0f37d329e202d4169aeb164493778f25b/pygments-2.21.0.tar.gz", hash = "sha256:610ca751c9bc2492b38eb9a38a7fbc93edbbb2d7182edaf34e66ae493dee5c8c", size = 5005329, upload-time = "2026-08-17T08:02:48.824Z" }
wheels = [
    { url = "https://files.pythonhosted.org/packages/71/46/17f022dd3e953bf20a04a028a21ec746d942f8d2af30fa0f124fa0e6a684/pygments-2.21.0-py3-none-any.whl", hash = "sha256:2363c69b61c4a97c838da3b130dcd6468f4848992b21a82f2a63ec34377137d9", size = 1250147, upload-time = "2026-08-17T08:02:44.912Z" },
]

[[package]]
name = "pytest"
version = "9.1.1"
source = { registry = "https://pypi.org/simple" }
dependencies = [
    { name = "colorama", marker = "sys_platform == 'win32'" },
    { name = "iniconfig" },
    { name = "packaging" },
    { name = "pluggy" },
    { name = "pygments" },
]
sdist = { url = "https://files.pythonhosted.org/packages/e4/47/b9efed96c114afcfa3c9d3fe98a76a1d14c74a9e266d397cf6eb64be5e01/pytest-9.1.1.tar.gz", hash = "sha256:1088fbde8f2b49d95a549a195707afa7a76a3ce9bcadc26b6d71f0ffda5fe313", size = 1636369, upload-time = "2026-06-19T10:58:32.857Z" }
wheels = [
    { url = "https://files.pythonhosted.org/packages/24/25/1de2678b631f5a49215c6c96fff41ba892b0a34df68d6d80292b1b48aa7f/pytest-9.1.1-py3-none-any.whl", hash = "sha256:37a86b45efb9a47a61a36449063e8e18d0cab3161329fc099eb21783169c4f0c", size = 386536, upload-time = "2026-06-19T10:58:31.347Z" },
]

[[package]]
name = "pytest-cov"
version = "7.1.0"
source = { registry = "https://pypi.org/simple" }
dependencies = [
    { name = "coverage" },
    { name = "pluggy" },
    { name = "pytest" },
]
sdist = { url = "https://files.pythonhosted.org/packages/b1/51/a849f96e117386044471c8ec2bd6cfebacda285da9525c9106aeb28da671/pytest_cov-7.1.0.tar.gz", hash = "sha256:30674f2b5f6351aa09702a9c8c364f6a01c27aae0c1366ae8016160d1efc56b2", size = 55592, upload-time = "2026-03-21T20:11:16.284Z" }
wheels = [
    { url = "https://files.pythonhosted.org/packages/9d/7a/d968e294073affff457b041c2be9868a40c1c71f4a35fcc1e45e5493067b/pytest_cov-7.1.0-py3-none-any.whl", hash = "sha256:a0461110b7865f9a271aa1b51e516c9a95de9d696734a2f71e3e78f46e1d4678", size = 22876, upload-time = "2026-03-21T20:11:14.438Z" },
]

[[package]]
name = "pytest-env"
version = "1.7.1"
source = { registry = "https://pypi.org/simple" }
dependencies = [
    { name = "pytest" },
    { name = "python-dotenv" },
]
sdist = { url = "https://files.pythonhosted.org/packages/32/72/d3e125d18f798b2968430b77dba991c69df354ec649db4c1480ac9bc2ab4/pytest_env-1.7.1.tar.gz", hash = "sha256:f2c5aed2621dbfc73c2866a710e2e456409495c5ac10905612c9509b3ee631a2", size = 17091, upload-time = "2026-09-08T14:49:44.487Z" }
wheels = [
    { url = "https://files.pythonhosted.org/packages/e9/82/fd9f2855bb9d48022942c2123f287d006b7569ae9b2cae8939f94a25fdf6/pytest_env-1.7.1-py3-none-any.whl", hash = "sha256:22341b945305b65ef4e53d7c678982cfd64b5c5800afdf7d37caad2362ea002c", size = 10361, upload-time = "2026-09-08T14:49:43.288Z" },
]

[[package]]
name = "pytest-mock"
version = "3.16.0"
source = { registry = "https://pypi.org/simple" }
dependencies = [
    { name = "pytest" },
]
sdist = { url = "https://files.pythonhosted.org/packages/7a/7f/6ed29931d5c8cd396e7c0a55412e6cc88020373365c8685985dea53d26d7/pytest_mock-3.16.0.tar.gz", hash = "sha256:5a8395528b8f498205f3718f575228d0edaed7425fff638f87d1a6c3e0383636", size = 35362, upload-time = "2026-09-27T14:57:55.46Z" }
wheels = [
    { url = "https://files.pythonhosted.org/packages/db/5b/b83a9bf1a3b4ec222f9fa083147ff6816245223da0ab92370e7e056f113f/pytest_mock-3.16.0-py3-none-any.whl", hash = "sha256:007cfeb257801d88d9c0b2a7b5a15a15e73b71968dfd72e7bf8c4a2f8393aec8", size = 10016, upload-time = "2026-09-27T14:57:54.283Z" },
]

[[package]]
name = "python-dateutil"
version = "2.9.0.post0"
source = { registry = "https://pypi.org/simple" }
dependencies = [
    { name = "six" },
]
sdist = { url = "https://files.pythonhosted.org/packages/66/c0/0c8b6ad9f17a802ee498c46e004a0eb49bc148f2fd230864601a86dcf6db/python-dateutil-2.9.0.post0.tar.gz", hash = "sha256:37dd54208da7e1cd875388217d5e00ebd4179249f90fb72437e91a35459a0ad3", size = 342432, upload-time = "2024-03-01T18:36:20.211Z" }
wheels = [
    { url = "https://files.pythonhosted.org/packages/ec/57/56b9bcc3c9c6a792fcbaf139543cee77261f3651ca9da0c93f5c1221264b/python_dateutil-2.9.0.post0-py2.py3-none-any.whl", hash = "sha256:a8b2bc7bffae282281c8140a97d3aa9c14da0b136dfe83f850eea9a5f7470427", size = 229892, upload-time = "2024-03-01T18:36:18.57Z" },
]

[[package]]
name = "python-dotenv"
version = "1.2.4"
source = { registry = "https://pypi.org/simple" }
sdist = { url = "https://files.pythonhosted.org/packages/74/26/2fbeedb218a787a5eea551c7532cac4e009f83d689dd2faa0d0353473f86/python_dotenv-1.2.4.tar.gz", hash = "sha256:f0d53e69935a851c0dcc78f3ab7aaccd8cabef0b92382b576b824212902873c0", size = 60824, upload-time = "2026-10-01T05:36:10Z" }
wheels = [
    { url = "https://files.pythonhosted.org/packages/60/d1/38f3a3405989a89ac18390803e70c6ad7c7760da4f9b83cbeca0c44a0c72/python_dotenv-1.2.4-py3-none-any.whl", hash = "sha256:42269a8a5b3fd54ffa6f3d84b18abed50064717576b4ecf03dc4a55d8aa04fdc", size = 23266, upload-time = "2026-10-01T05:36:08.633Z" },
]

[[package]]
name = "s3transfer"
version = "0.19.2"
source = { registry = "https://pypi.org/simple" }
dependencies = [
    { name = "botocore" },
]
sdist = { url = "https://files.pythonhosted.org/packages/76/43/35e4d8aa320bffe8287fe8f65f578fa2d2db0a64212f0e710dce58267854/s3transfer-0.19.2.tar.gz", hash = "sha256:ba0309fd86be3c27dbf78cdd813c13c5e1df16e5874b99d2535ebbdfb9892993", size = 165592, upload-time = "2026-07-22T19:30:44.432Z" }
wheels = [
    { url = "https://files.pythonhosted.org/packages/bc/e7/5c595c75e9f41a44f30e526eda465ea0b4eec93470e074e4a111b253f13a/s3transfer-0.19.2-py3-none-any.whl", hash = "sha256:d8168eccca828cbb2cd573675333f3bddd254313a9c42494b84c76b539e8ba25", size = 90216, upload-time = "2026-07-22T19:30:43.251Z" },
]

[[package]]
name = "six"
version = "1.17.0"
source = { registry = "https://pypi.org/simple" }
sdist = { url = "https://files.pythonhosted.org/packages/94/e7/b2c673351809dca68a0e064b6af791aa332cf192da575fd474ed7d6f16a2/six-1.17.0.tar.gz", hash = "sha256:ff70335d468e7eb6ec65b95b99d3a2836546063f63acc5171de367e834932a81", size = 34031, upload-time = "2024-12-04T17:35:28.174Z" }
wheels = [
    { url = "https://files.pythonhosted.org/packages/b7/ce/149a00dd41f10bc29e5921b496af8b574d8413afcd5e30dfa0ed46c2cc5e/six-1.17.0-py2.py3-none-any.whl", hash = "sha256:4721f391ed90541fddacab5acf947aa0d3dc7d27b2e1e8eda2be8970586c3274", size = 11050, upload-time = "2024-12-04T17:35:26.475Z" },
]

[[package]]
name = "t4-lambda-s3tags"
version = "0.1.0"
source = { editable = "." }
dependencies = [
    { name = "boto3" },
]

[package.dev-dependencies]
test = [
    { name = "pytest" },
    { name = "pytest-cov" },
    { name = "pytest-env" },
    { name = "pytest-mock" },
]

[package.metadata]
requires-dist = [{ name = "boto3", specifier = "~=1.40" }]

[package.metadata.requires-dev]
test = [
    { name = "pytest", specifier = "~=9.1" },
    { name = "pytest-cov", specifier = "~=7.0" },
    { name = "pytest-env", specifier = "~=1.1" },
    { name = "pytest-mock", specifier = "~=3.15" },
]

[[package]]
name = "urllib3"
version = "2.8.0"
source = { registry = "https://pypi.org/simple" }
sdist = { url = "https://files.pythonhosted.org/packages/e3/05/b17359e1cefb4f909b5e40b1b90a496d987258916dbbf88e842c729f510e/urllib3-2.8.0.tar.gz", hash = "sha256:63bf2ead4c879426ebf22ef2a781eeb4aa3b4ae798a0435506f8687fd5bb9b63", size = 458972, upload-time = "2026-09-15T19:29:36.253Z" }
wheels = [
    { url = "https://files.pythonhosted.org/packages/92/9d/c4e665119135114480843e7ab388fa94d8480650450e6f8e26b70d323a4c/urllib3-2.8.0-py3-none-any.whl", hash = "sha256:0cf3cae568d36aa9576b28dfb35f11328f1cb974ca7647d9475ebb86c75ac6e3", size = 135717, upload-time = "2026-09-15T19:29:34.577Z" },
]
